Microsoft Visual Studio Solution File, Format Version 12.00
# Visual Studio 15
VisualStudioVersion = 15.0.28307.421
MinimumVisualStudioVersion = 10.0.40219.1
Project("{9A19103F-16F7-4668-BE54-9A1E7A4F7556}") = "iPlantino.Domain", "src\iPlantino.Domain\iPlantino.Domain.csproj", "{DDE6AB89-1985-4BE5-A295-A7C9AB2F9A00}"
EndProject
Project("{9A19103F-16F7-4668-BE54-9A1E7A4F7556}") = "iPlantino.Domain.Core", "src\iPlantino.Domain.Core\iPlantino.Domain.Core.csproj", "{EFE9A831-798F-47C0-A661-0FD6425ADBFF}"
EndProject
Project("{2150E333-8FDC-42A3-9474-1A3956D46DE8}") = "0 - Mobile", "0 - Mobile", "{334BDD14-AC03-47E3-8F15-27278A462E48}"
EndProject
Project("{2150E333-8FDC-42A3-9474-1A3956D46DE8}") = "1 - Services", "1 - Services", "{F62DEDD8-E0C1-442C-A95F-5C784BF3A80B}"
EndProject
Project("{2150E333-8FDC-42A3-9474-1A3956D46DE8}") = "2 - Domain", "2 - Domain", "{4B2D258B-6491-48CB-AE9C-A218639C2B5B}"
EndProject
Project("{2150E333-8FDC-42A3-9474-1A3956D46DE8}") = "3 - Infra", "3 - Infra", "{58CBE5FA-8549-4A4B-BC3A-3233FF41A6CC}"
EndProject
Project("{2150E333-8FDC-42A3-9474-1A3956D46DE8}") = "4 - Authentication", "4 - Authentication", "{8772A242-4523-43E3-984C-FAA64685ADA7}"
EndProject
Project("{2150E333-8FDC-42A3-9474-1A3956D46DE8}") = "X - Tools", "X - Tools", "{170954DF-4B7B-41DF-AE1D-505F259C044C}"
EndProject
Project("{2150E333-8FDC-42A3-9474-1A3956D46DE8}") = "3.1 - Data", "3.1 - Data", "{FBC1E560-7738-48B0-89F5-CD85C63BF443}"
EndProject
Project("{2150E333-8FDC-42A3-9474-1A3956D46DE8}") = "3.2 - CrossCutting", "3.2 - CrossCutting", "{D7DD55D6-5B71-41FA-BF7F-4FE1E540DB10}"
EndProject
Project("{9A19103F-16F7-4668-BE54-9A1E7A4F7556}") = "iPlantino.Infra.UnitOfWork", "src\iPlantino.Infra.UnitOfWork\iPlantino.Infra.UnitOfWork.csproj", "{9AC3D14C-9417-4F99-B806-C9CA917223EF}"
EndProject
Project("{9A19103F-16F7-4668-BE54-9A1E7A4F7556}") = "iPlantino.Infra.CrossCutting.Bus", "src\iPlantino.Infra.CrossCutting.Bus\iPlantino.Infra.CrossCutting.Bus.csproj", "{8F5C41E3-7050-4B98-96F2-26F9EB5C8AE2}"
EndProject
Project("{FAE04EC0-301F-11D3-BF4B-00C04F79EFBC}") = "iPlantino.Mobile.Android", "src\iPlantino.Mobile.Android\iPlantino.Mobile.Android.csproj", "{BDD616A5-4F11-4FB7-8DD0-98AFAB3B6E8A}"
EndProject
Project("{FAE04EC0-301F-11D3-BF4B-00C04F79EFBC}") = "iPlantino.Mobile.iOS", "src\iPlantino.Mobile.iOS\iPlantino.Mobile.iOS.csproj", "{0E8E8824-46C1-4FFD-B4EA-CEAFD3F84D56}"
EndProject
Project("{9A19103F-16F7-4668-BE54-9A1E7A4F7556}") = "iPlantino.Infra.Data", "src\iPlantino.Infra.Data\iPlantino.Infra.Data.csproj", "{817483F6-39BA-4AEC-AB37-6C36AD7E3787}"
EndProject
Project("{9A19103F-16F7-4668-BE54-9A1E7A4F7556}") = "iPlantino.Authentication", "src\iPlantino.Authentication\iPlantino.Authentication.csproj", "{938CAA7B-F198-4280-B250-E0929A23F0DC}"
EndProject
Project("{9A19103F-16F7-4668-BE54-9A1E7A4F7556}") = "iPlantino.Infra.CrossCutting.Jwt", "src\iPlantino.Infra.CrossCutting.Jwt\iPlantino.Infra.CrossCutting.Jwt.csproj", "{0FB48CEE-92FA-4B2B-9E59-E69FCE042B20}"
EndProject
Project("{9A19103F-16F7-4668-BE54-9A1E7A4F7556}") = "iPlantino.Infra.CrossCutting.IoC", "src\iPlantino.Infra.CrossCutting.IoC\iPlantino.Infra.CrossCutting.IoC.csproj", "{04982109-73EE-45E0-A3EA-338800BC77A2}"
EndProject
Project("{9A19103F-16F7-4668-BE54-9A1E7A4F7556}") = "MigrateAzure", "src\MigrateAzure\MigrateAzure.csproj", "{0B57A085-E532-4781-9926-53DD0ED69DE3}"
EndProject
Project("{9A19103F-16F7-4668-BE54-9A1E7A4F7556}") = "iPlantino.Sevices.Api", "src\iPlantino.Sevices.Api\iPlantino.Sevices.Api.csproj", "{19442023-8A6D-4CAA-875C-F676E4997829}"
EndProject
Project("{9A19103F-16F7-4668-BE54-9A1E7A4F7556}") = "iPlantino.Mobile", "src\iPlantino.Mobile\iPlantino.Mobile.csproj", "{0EEE0584-E70C-4098-B96A-E5919CE6FA2C}"
EndProject
Project("{FAE04EC0-301F-11D3-BF4B-00C04F79EFBC}") = "iPlantino.Infra.CrossCutting.Identity", "src\iPlantino.Infra.CrossCutting.Identity\iPlantino.Infra.CrossCutting.Identity.csproj", "{EAC03D97-F322-4DF8-B08D-6518E4EB7579}"
EndProject
Global
	GlobalSection(SolutionConfigurationPlatforms) = preSolution
		Ad-Hoc|Any CPU = Ad-Hoc|Any CPU
		Ad-Hoc|ARM = Ad-Hoc|ARM
		Ad-Hoc|iPhone = Ad-Hoc|iPhone
		Ad-Hoc|iPhoneSimulator = Ad-Hoc|iPhoneSimulator
		Ad-Hoc|x64 = Ad-Hoc|x64
		Ad-Hoc|x86 = Ad-Hoc|x86
		AppStore|Any CPU = AppStore|Any CPU
		AppStore|ARM = AppStore|ARM
		AppStore|iPhone = AppStore|iPhone
		AppStore|iPhoneSimulator = AppStore|iPhoneSimulator
		AppStore|x64 = AppStore|x64
		AppStore|x86 = AppStore|x86
		Debug|Any CPU = Debug|Any CPU
		Debug|ARM = Debug|ARM
		Debug|iPhone = Debug|iPhone
		Debug|iPhoneSimulator = Debug|iPhoneSimulator
		Debug|x64 = Debug|x64
		Debug|x86 = Debug|x86
		Release|Any CPU = Release|Any CPU
		Release|ARM = Release|ARM
		Release|iPhone = Release|iPhone
		Release|iPhoneSimulator = Release|iPhoneSimulator
		Release|x64 = Release|x64
		Release|x86 = Release|x86
	EndGlobalSection
	GlobalSection(ProjectConfigurationPlatforms) = postSolution
		{DDE6AB89-1985-4BE5-A295-A7C9AB2F9A00}.Ad-Hoc|Any CPU.ActiveCfg = Release|Any CPU
		{DDE6AB89-1985-4BE5-A295-A7C9AB2F9A00}.Ad-Hoc|Any CPU.Build.0 = Release|Any CPU
		{DDE6AB89-1985-4BE5-A295-A7C9AB2F9A00}.Ad-Hoc|ARM.ActiveCfg = Release|Any CPU
		{DDE6AB89-1985-4BE5-A295-A7C9AB2F9A00}.Ad-Hoc|ARM.Build.0 = Release|Any CPU
		{DDE6AB89-1985-4BE5-A295-A7C9AB2F9A00}.Ad-Hoc|iPhone.ActiveCfg = Release|Any CPU
		{DDE6AB89-1985-4BE5-A295-A7C9AB2F9A00}.Ad-Hoc|iPhone.Build.0 = Release|Any CPU
		{DDE6AB89-1985-4BE5-A295-A7C9AB2F9A00}.Ad-Hoc|iPhoneSimulator.ActiveCfg = Release|Any CPU
		{DDE6AB89-1985-4BE5-A295-A7C9AB2F9A00}.Ad-Hoc|iPhoneSimulator.Build.0 = Release|Any CPU
		{DDE6AB89-1985-4BE5-A295-A7C9AB2F9A00}.Ad-Hoc|x64.ActiveCfg = Release|Any CPU
		{DDE6AB89-1985-4BE5-A295-A7C9AB2F9A00}.Ad-Hoc|x64.Build.0 = Release|Any CPU
		{DDE6AB89-1985-4BE5-A295-A7C9AB2F9A00}.Ad-Hoc|x86.ActiveCfg = Release|Any CPU
		{DDE6AB89-1985-4BE5-A295-A7C9AB2F9A00}.Ad-Hoc|x86.Build.0 = Release|Any CPU
		{DDE6AB89-1985-4BE5-A295-A7C9AB2F9A00}.AppStore|Any CPU.ActiveCfg = Release|Any CPU
		{DDE6AB89-1985-4BE5-A295-A7C9AB2F9A00}.AppStore|Any CPU.Build.0 = Release|Any CPU
		{DDE6AB89-1985-4BE5-A295-A7C9AB2F9A00}.AppStore|ARM.ActiveCfg = Release|Any CPU
		{DDE6AB89-1985-4BE5-A295-A7C9AB2F9A00}.AppStore|ARM.Build.0 = Release|Any CPU
		{DDE6AB89-1985-4BE5-A295-A7C9AB2F9A00}.AppStore|iPhone.ActiveCfg = Release|Any CPU
		{DDE6AB89-1985-4BE5-A295-A7C9AB2F9A00}.AppStore|iPhone.Build.0 = Release|Any CPU
		{DDE6AB89-1985-4BE5-A295-A7C9AB2F9A00}.AppStore|iPhoneSimulator.ActiveCfg = Release|Any CPU
		{DDE6AB89-1985-4BE5-A295-A7C9AB2F9A00}.AppStore|iPhoneSimulator.Build.0 = Release|Any CPU
		{DDE6AB89-1985-4BE5-A295-A7C9AB2F9A00}.AppStore|x64.ActiveCfg = Release|Any CPU
		{DDE6AB89-1985-4BE5-A295-A7C9AB2F9A00}.AppStore|x64.Build.0 = Release|Any CPU
		{DDE6AB89-1985-4BE5-A295-A7C9AB2F9A00}.AppStore|x86.ActiveCfg = Release|Any CPU
		{DDE6AB89-1985-4BE5-A295-A7C9AB2F9A00}.AppStore|x86.Build.0 = Release|Any CPU
		{DDE6AB89-1985-4BE5-A295-A7C9AB2F9A00}.Debug|Any CPU.ActiveCfg = Debug|Any CPU
		{DDE6AB89-1985-4BE5-A295-A7C9AB2F9A00}.Debug|Any CPU.Build.0 = Debug|Any CPU
		{DDE6AB89-1985-4BE5-A295-A7C9AB2F9A00}.Debug|ARM.ActiveCfg = Debug|Any CPU
		{DDE6AB89-1985-4BE5-A295-A7C9AB2F9A00}.Debug|ARM.Build.0 = Debug|Any CPU
		{DDE6AB89-1985-4BE5-A295-A7C9AB2F9A00}.Debug|iPhone.ActiveCfg = Debug|Any CPU
		{DDE6AB89-1985-4BE5-A295-A7C9AB2F9A00}.Debug|iPhone.Build.0 = Debug|Any CPU
		{DDE6AB89-1985-4BE5-A295-A7C9AB2F9A00}.Debug|iPhoneSimulator.ActiveCfg = Debug|Any CPU
		{DDE6AB89-1985-4BE5-A295-A7C9AB2F9A00}.Debug|iPhoneSimulator.Build.0 = Debug|Any CPU
		{DDE6AB89-1985-4BE5-A295-A7C9AB2F9A00}.Debug|x64.ActiveCfg = Debug|Any CPU
		{DDE6AB89-1985-4BE5-A295-A7C9AB2F9A00}.Debug|x64.Build.0 = Debug|Any CPU
		{DDE6AB89-1985-4BE5-A295-A7C9AB2F9A00}.Debug|x86.ActiveCfg = Debug|Any CPU
		{DDE6AB89-1985-4BE5-A295-A7C9AB2F9A00}.Debug|x86.Build.0 = Debug|Any CPU
		{DDE6AB89-1985-4BE5-A295-A7C9AB2F9A00}.Release|Any CPU.ActiveCfg = Release|Any CPU
		{DDE6AB89-1985-4BE5-A295-A7C9AB2F9A00}.Release|Any CPU.Build.0 = Release|Any CPU
		{DDE6AB89-1985-4BE5-A295-A7C9AB2F9A00}.Release|ARM.ActiveCfg = Release|Any CPU
		{DDE6AB89-1985-4BE5-A295-A7C9AB2F9A00}.Release|ARM.Build.0 = Release|Any CPU
		{DDE6AB89-1985-4BE5-A295-A7C9AB2F9A00}.Release|iPhone.ActiveCfg = Release|Any CPU
		{DDE6AB89-1985-4BE5-A295-A7C9AB2F9A00}.Release|iPhone.Build.0 = Release|Any CPU
		{DDE6AB89-1985-4BE5-A295-A7C9AB2F9A00}.Release|iPhoneSimulator.ActiveCfg = Release|Any CPU
		{DDE6AB89-1985-4BE5-A295-A7C9AB2F9A00}.Release|iPhoneSimulator.Build.0 = Release|Any CPU
		{DDE6AB89-1985-4BE5-A295-A7C9AB2F9A00}.Release|x64.ActiveCfg = Release|Any CPU
		{DDE6AB89-1985-4BE5-A295-A7C9AB2F9A00}.Release|x64.Build.0 = Release|Any CPU
		{DDE6AB89-1985-4BE5-A295-A7C9AB2F9A00}.Release|x86.ActiveCfg = Release|Any CPU
		{DDE6AB89-1985-4BE5-A295-A7C9AB2F9A00}.Release|x86.Build.0 = Release|Any CPU
		{EFE9A831-798F-47C0-A661-0FD6425ADBFF}.Ad-Hoc|Any CPU.ActiveCfg = Release|Any CPU
		{EFE9A831-798F-47C0-A661-0FD6425ADBFF}.Ad-Hoc|Any CPU.Build.0 = Release|Any CPU
		{EFE9A831-798F-47C0-A661-0FD6425ADBFF}.Ad-Hoc|ARM.ActiveCfg = Release|Any CPU
		{EFE9A831-798F-47C0-A661-0FD6425ADBFF}.Ad-Hoc|ARM.Build.0 = Release|Any CPU
		{EFE9A831-798F-47C0-A661-0FD6425ADBFF}.Ad-Hoc|iPhone.ActiveCfg = Release|Any CPU
		{EFE9A831-798F-47C0-A661-0FD6425ADBFF}.Ad-Hoc|iPhone.Build.0 = Release|Any CPU
		{EFE9A831-798F-47C0-A661-0FD6425ADBFF}.Ad-Hoc|iPhoneSimulator.ActiveCfg = Release|Any CPU
		{EFE9A831-798F-47C0-A661-0FD6425ADBFF}.Ad-Hoc|iPhoneSimulator.Build.0 = Release|Any CPU
		{EFE9A831-798F-47C0-A661-0FD6425ADBFF}.Ad-Hoc|x64.ActiveCfg = Release|Any CPU
		{EFE9A831-798F-47C0-A661-0FD6425ADBFF}.Ad-Hoc|x64.Build.0 = Release|Any CPU
		{EFE9A831-798F-47C0-A661-0FD6425ADBFF}.Ad-Hoc|x86.ActiveCfg = Release|Any CPU
		{EFE9A831-798F-47C0-A661-0FD6425ADBFF}.Ad-Hoc|x86.Build.0 = Release|Any CPU
		{EFE9A831-798F-47C0-A661-0FD6425ADBFF}.AppStore|Any CPU.ActiveCfg = Release|Any CPU
		{EFE9A831-798F-47C0-A661-0FD6425ADBFF}.AppStore|Any CPU.Build.0 = Release|Any CPU
		{EFE9A831-798F-47C0-A661-0FD6425ADBFF}.AppStore|ARM.ActiveCfg = Release|Any CPU
		{EFE9A831-798F-47C0-A661-0FD6425ADBFF}.AppStore|ARM.Build.0 = Release|Any CPU
		{EFE9A831-798F-47C0-A661-0FD6425ADBFF}.AppStore|iPhone.ActiveCfg = Release|Any CPU
		{EFE9A831-798F-47C0-A661-0FD6425ADBFF}.AppStore|iPhone.Build.0 = Release|Any CPU
		{EFE9A831-798F-47C0-A661-0FD6425ADBFF}.AppStore|iPhoneSimulator.ActiveCfg = Release|Any CPU
		{EFE9A831-798F-47C0-A661-0FD6425ADBFF}.AppStore|iPhoneSimulator.Build.0 = Release|Any CPU
		{EFE9A831-798F-47C0-A661-0FD6425ADBFF}.AppStore|x64.ActiveCfg = Release|Any CPU
		{EFE9A831-798F-47C0-A661-0FD6425ADBFF}.AppStore|x64.Build.0 = Release|Any CPU
		{EFE9A831-798F-47C0-A661-0FD6425ADBFF}.AppStore|x86.ActiveCfg = Release|Any CPU
		{EFE9A831-798F-47C0-A661-0FD6425ADBFF}.AppStore|x86.Build.0 = Release|Any CPU
		{EFE9A831-798F-47C0-A661-0FD6425ADBFF}.Debug|Any CPU.ActiveCfg = Debug|Any CPU
		{EFE9A831-798F-47C0-A661-0FD6425ADBFF}.Debug|Any CPU.Build.0 = Debug|Any CPU
		{EFE9A831-798F-47C0-A661-0FD6425ADBFF}.Debug|ARM.ActiveCfg = Debug|Any CPU
		{EFE9A831-798F-47C0-A661-0FD6425ADBFF}.Debug|ARM.Build.0 = Debug|Any CPU
		{EFE9A831-798F-47C0-A661-0FD6425ADBFF}.Debug|iPhone.ActiveCfg = Debug|Any CPU
		{EFE9A831-798F-47C0-A661-0FD6425ADBFF}.Debug|iPhone.Build.0 = Debug|Any CPU
		{EFE9A831-798F-47C0-A661-0FD6425ADBFF}.Debug|iPhoneSimulator.ActiveCfg = Debug|Any CPU
		{EFE9A831-798F-47C0-A661-0FD6425ADBFF}.Debug|iPhoneSimulator.Build.0 = Debug|Any CPU
		{EFE9A831-798F-47C0-A661-0FD6425ADBFF}.Debug|x64.ActiveCfg = Debug|Any CPU
		{EFE9A831-798F-47C0-A661-0FD6425ADBFF}.Debug|x64.Build.0 = Debug|Any CPU
		{EFE9A831-798F-47C0-A661-0FD6425ADBFF}.Debug|x86.ActiveCfg = Debug|Any CPU
		{EFE9A831-798F-47C0-A661-0FD6425ADBFF}.Debug|x86.Build.0 = Debug|Any CPU
		{EFE9A831-798F-47C0-A661-0FD6425ADBFF}.Release|Any CPU.ActiveCfg = Release|Any CPU
		{EFE9A831-798F-47C0-A661-0FD6425ADBFF}.Release|Any CPU.Build.0 = Release|Any CPU
		{EFE9A831-798F-47C0-A661-0FD6425ADBFF}.Release|ARM.ActiveCfg = Release|Any CPU
		{EFE9A831-798F-47C0-A661-0FD6425ADBFF}.Release|ARM.Build.0 = Release|Any CPU
		{EFE9A831-798F-47C0-A661-0FD6425ADBFF}.Release|iPhone.ActiveCfg = Release|Any CPU
		{EFE9A831-798F-47C0-A661-0FD6425ADBFF}.Release|iPhone.Build.0 = Release|Any CPU
		{EFE9A831-798F-47C0-A661-0FD6425ADBFF}.Release|iPhoneSimulator.ActiveCfg = Release|Any CPU
		{EFE9A831-798F-47C0-A661-0FD6425ADBFF}.Release|iPhoneSimulator.Build.0 = Release|Any CPU
		{EFE9A831-798F-47C0-A661-0FD6425ADBFF}.Release|x64.ActiveCfg = Release|Any CPU
		{EFE9A831-798F-47C0-A661-0FD6425ADBFF}.Release|x64.Build.0 = Release|Any CPU
		{EFE9A831-798F-47C0-A661-0FD6425ADBFF}.Release|x86.ActiveCfg = Release|Any CPU
		{EFE9A831-798F-47C0-A661-0FD6425ADBFF}.Release|x86.Build.0 = Release|Any CPU
		{9AC3D14C-9417-4F99-B806-C9CA917223EF}.Ad-Hoc|Any CPU.ActiveCfg = Release|Any CPU
		{9AC3D14C-9417-4F99-B806-C9CA917223EF}.Ad-Hoc|Any CPU.Build.0 = Release|Any CPU
		{9AC3D14C-9417-4F99-B806-C9CA917223EF}.Ad-Hoc|ARM.ActiveCfg = Release|Any CPU
		{9AC3D14C-9417-4F99-B806-C9CA917223EF}.Ad-Hoc|ARM.Build.0 = Release|Any CPU
		{9AC3D14C-9417-4F99-B806-C9CA917223EF}.Ad-Hoc|iPhone.ActiveCfg = Release|Any CPU
		{9AC3D14C-9417-4F99-B806-C9CA917223EF}.Ad-Hoc|iPhone.Build.0 = Release|Any CPU
		{9AC3D14C-9417-4F99-B806-C9CA917223EF}.Ad-Hoc|iPhoneSimulator.ActiveCfg = Release|Any CPU
		{9AC3D14C-9417-4F99-B806-C9CA917223EF}.Ad-Hoc|iPhoneSimulator.Build.0 = Release|Any CPU
		{9AC3D14C-9417-4F99-B806-C9CA917223EF}.Ad-Hoc|x64.ActiveCfg = Release|Any CPU
		{9AC3D14C-9417-4F99-B806-C9CA917223EF}.Ad-Hoc|x64.Build.0 = Release|Any CPU
		{9AC3D14C-9417-4F99-B806-C9CA917223EF}.Ad-Hoc|x86.ActiveCfg = Release|Any CPU
		{9AC3D14C-9417-4F99-B806-C9CA917223EF}.Ad-Hoc|x86.Build.0 = Release|Any CPU
		{9AC3D14C-9417-4F99-B806-C9CA917223EF}.AppStore|Any CPU.ActiveCfg = Release|Any CPU
		{9AC3D14C-9417-4F99-B806-C9CA917223EF}.AppStore|Any CPU.Build.0 = Release|Any CPU
		{9AC3D14C-9417-4F99-B806-C9CA917223EF}.AppStore|ARM.ActiveCfg = Release|Any CPU
		{9AC3D14C-9417-4F99-B806-C9CA917223EF}.AppStore|ARM.Build.0 = Release|Any CPU
		{9AC3D14C-9417-4F99-B806-C9CA917223EF}.AppStore|iPhone.ActiveCfg = Release|Any CPU
		{9AC3D14C-9417-4F99-B806-C9CA917223EF}.AppStore|iPhone.Build.0 = Release|Any CPU
		{9AC3D14C-9417-4F99-B806-C9CA917223EF}.AppStore|iPhoneSimulator.ActiveCfg = Release|Any CPU
		{9AC3D14C-9417-4F99-B806-C9CA917223EF}.AppStore|iPhoneSimulator.Build.0 = Release|Any CPU
		{9AC3D14C-9417-4F99-B806-C9CA917223EF}.AppStore|x64.ActiveCfg = Release|Any CPU
		{9AC3D14C-9417-4F99-B806-C9CA917223EF}.AppStore|x64.Build.0 = Release|Any CPU
		{9AC3D14C-9417-4F99-B806-C9CA917223EF}.AppStore|x86.ActiveCfg = Release|Any CPU
		{9AC3D14C-9417-4F99-B806-C9CA917223EF}.AppStore|x86.Build.0 = Release|Any CPU
		{9AC3D14C-9417-4F99-B806-C9CA917223EF}.Debug|Any CPU.ActiveCfg = Debug|Any CPU
		{9AC3D14C-9417-4F99-B806-C9CA917223EF}.Debug|Any CPU.Build.0 = Debug|Any CPU
		{9AC3D14C-9417-4F99-B806-C9CA917223EF}.Debug|ARM.ActiveCfg = Debug|Any CPU
		{9AC3D14C-9417-4F99-B806-C9CA917223EF}.Debug|ARM.Build.0 = Debug|Any CPU
		{9AC3D14C-9417-4F99-B806-C9CA917223EF}.Debug|iPhone.ActiveCfg = Debug|Any CPU
		{9AC3D14C-9417-4F99-B806-C9CA917223EF}.Debug|iPhone.Build.0 = Debug|Any CPU
		{9AC3D14C-9417-4F99-B806-C9CA917223EF}.Debug|iPhoneSimulator.ActiveCfg = Debug|Any CPU
		{9AC3D14C-9417-4F99-B806-C9CA917223EF}.Debug|iPhoneSimulator.Build.0 = Debug|Any CPU
		{9AC3D14C-9417-4F99-B806-C9CA917223EF}.Debug|x64.ActiveCfg = Debug|Any CPU
		{9AC3D14C-9417-4F99-B806-C9CA917223EF}.Debug|x64.Build.0 = Debug|Any CPU
		{9AC3D14C-9417-4F99-B806-C9CA917223EF}.Debug|x86.ActiveCfg = Debug|Any CPU
		{9AC3D14C-9417-4F99-B806-C9CA917223EF}.Debug|x86.Build.0 = Debug|Any CPU
		{9AC3D14C-9417-4F99-B806-C9CA917223EF}.Release|Any CPU.ActiveCfg = Release|Any CPU
		{9AC3D14C-9417-4F99-B806-C9CA917223EF}.Release|Any CPU.Build.0 = Release|Any CPU
		{9AC3D14C-9417-4F99-B806-C9CA917223EF}.Release|ARM.ActiveCfg = Release|Any CPU
		{9AC3D14C-9417-4F99-B806-C9CA917223EF}.Release|ARM.Build.0 = Release|Any CPU
		{9AC3D14C-9417-4F99-B806-C9CA917223EF}.Release|iPhone.ActiveCfg = Release|Any CPU
		{9AC3D14C-9417-4F99-B806-C9CA917223EF}.Release|iPhone.Build.0 = Release|Any CPU
		{9AC3D14C-9417-4F99-B806-C9CA917223EF}.Release|iPhoneSimulator.ActiveCfg = Release|Any CPU
		{9AC3D14C-9417-4F99-B806-C9CA917223EF}.Release|iPhoneSimulator.Build.0 = Release|Any CPU
		{9AC3D14C-9417-4F99-B806-C9CA917223EF}.Release|x64.ActiveCfg = Release|Any CPU
		{9AC3D14C-9417-4F99-B806-C9CA917223EF}.Release|x64.Build.0 = Release|Any CPU
		{9AC3D14C-9417-4F99-B806-C9CA917223EF}.Release|x86.ActiveCfg = Release|Any CPU
		{9AC3D14C-9417-4F99-B806-C9CA917223EF}.Release|x86.Build.0 = Release|Any CPU
		{8F5C41E3-7050-4B98-96F2-26F9EB5C8AE2}.Ad-Hoc|Any CPU.ActiveCfg = Release|Any CPU
		{8F5C41E3-7050-4B98-96F2-26F9EB5C8AE2}.Ad-Hoc|Any CPU.Build.0 = Release|Any CPU
		{8F5C41E3-7050-4B98-96F2-26F9EB5C8AE2}.Ad-Hoc|ARM.ActiveCfg = Release|Any CPU
		{8F5C41E3-7050-4B98-96F2-26F9EB5C8AE2}.Ad-Hoc|ARM.Build.0 = Release|Any CPU
		{8F5C41E3-7050-4B98-96F2-26F9EB5C8AE2}.Ad-Hoc|iPhone.ActiveCfg = Release|Any CPU
		{8F5C41E3-7050-4B98-96F2-26F9EB5C8AE2}.Ad-Hoc|iPhone.Build.0 = Release|Any CPU
		{8F5C41E3-7050-4B98-96F2-26F9EB5C8AE2}.Ad-Hoc|iPhoneSimulator.ActiveCfg = Release|Any CPU
		{8F5C41E3-7050-4B98-96F2-26F9EB5C8AE2}.Ad-Hoc|iPhoneSimulator.Build.0 = Release|Any CPU
		{8F5C41E3-7050-4B98-96F2-26F9EB5C8AE2}.Ad-Hoc|x64.ActiveCfg = Release|Any CPU
		{8F5C41E3-7050-4B98-96F2-26F9EB5C8AE2}.Ad-Hoc|x64.Build.0 = Release|Any CPU
		{8F5C41E3-7050-4B98-96F2-26F9EB5C8AE2}.Ad-Hoc|x86.ActiveCfg = Release|Any CPU
		{8F5C41E3-7050-4B98-96F2-26F9EB5C8AE2}.Ad-Hoc|x86.Build.0 = Release|Any CPU
		{8F5C41E3-7050-4B98-96F2-26F9EB5C8AE2}.AppStore|Any CPU.ActiveCfg = Release|Any CPU
		{8F5C41E3-7050-4B98-96F2-26F9EB5C8AE2}.AppStore|Any CPU.Build.0 = Release|Any CPU
		{8F5C41E3-7050-4B98-96F2-26F9EB5C8AE2}.AppStore|ARM.ActiveCfg = Release|Any CPU
		{8F5C41E3-7050-4B98-96F2-26F9EB5C8AE2}.AppStore|ARM.Build.0 = Release|Any CPU
		{8F5C41E3-7050-4B98-96F2-26F9EB5C8AE2}.AppStore|iPhone.ActiveCfg = Release|Any CPU
		{8F5C41E3-7050-4B98-96F2-26F9EB5C8AE2}.AppStore|iPhone.Build.0 = Release|Any CPU
		{8F5C41E3-7050-4B98-96F2-26F9EB5C8AE2}.AppStore|iPhoneSimulator.ActiveCfg = Release|Any CPU
		{8F5C41E3-7050-4B98-96F2-26F9EB5C8AE2}.AppStore|iPhoneSimulator.Build.0 = Release|Any CPU
		{8F5C41E3-7050-4B98-96F2-26F9EB5C8AE2}.AppStore|x64.ActiveCfg = Release|Any CPU
		{8F5C41E3-7050-4B98-96F2-26F9EB5C8AE2}.AppStore|x64.Build.0 = Release|Any CPU
		{8F5C41E3-7050-4B98-96F2-26F9EB5C8AE2}.AppStore|x86.ActiveCfg = Release|Any CPU
		{8F5C41E3-7050-4B98-96F2-26F9EB5C8AE2}.AppStore|x86.Build.0 = Release|Any CPU
		{8F5C41E3-7050-4B98-96F2-26F9EB5C8AE2}.Debug|Any CPU.ActiveCfg = Debug|Any CPU
		{8F5C41E3-7050-4B98-96F2-26F9EB5C8AE2}.Debug|Any CPU.Build.0 = Debug|Any CPU
		{8F5C41E3-7050-4B98-96F2-26F9EB5C8AE2}.Debug|ARM.ActiveCfg = Debug|Any CPU
		{8F5C41E3-7050-4B98-96F2-26F9EB5C8AE2}.Debug|ARM.Build.0 = Debug|Any CPU
		{8F5C41E3-7050-4B98-96F2-26F9EB5C8AE2}.Debug|iPhone.ActiveCfg = Debug|Any CPU
		{8F5C41E3-7050-4B98-96F2-26F9EB5C8AE2}.Debug|iPhone.Build.0 = Debug|Any CPU
		{8F5C41E3-7050-4B98-96F2-26F9EB5C8AE2}.Debug|iPhoneSimulator.ActiveCfg = Debug|Any CPU
		{8F5C41E3-7050-4B98-96F2-26F9EB5C8AE2}.Debug|iPhoneSimulator.Build.0 = Debug|Any CPU
		{8F5C41E3-7050-4B98-96F2-26F9EB5C8AE2}.Debug|x64.ActiveCfg = Debug|Any CPU
		{8F5C41E3-7050-4B98-96F2-26F9EB5C8AE2}.Debug|x64.Build.0 = Debug|Any CPU
		{8F5C41E3-7050-4B98-96F2-26F9EB5C8AE2}.Debug|x86.ActiveCfg = Debug|Any CPU
		{8F5C41E3-7050-4B98-96F2-26F9EB5C8AE2}.Debug|x86.Build.0 = Debug|Any CPU
		{8F5C41E3-7050-4B98-96F2-26F9EB5C8AE2}.Release|Any CPU.ActiveCfg = Release|Any CPU
		{8F5C41E3-7050-4B98-96F2-26F9EB5C8AE2}.Release|Any CPU.Build.0 = Release|Any CPU
		{8F5C41E3-7050-4B98-96F2-26F9EB5C8AE2}.Release|ARM.ActiveCfg = Release|Any CPU
		{8F5C41E3-7050-4B98-96F2-26F9EB5C8AE2}.Release|ARM.Build.0 = Release|Any CPU
		{8F5C41E3-7050-4B98-96F2-26F9EB5C8AE2}.Release|iPhone.ActiveCfg = Release|Any CPU
		{8F5C41E3-7050-4B98-96F2-26F9EB5C8AE2}.Release|iPhone.Build.0 = Release|Any CPU
		{8F5C41E3-7050-4B98-96F2-26F9EB5C8AE2}.Release|iPhoneSimulator.ActiveCfg = Release|Any CPU
		{8F5C41E3-7050-4B98-96F2-26F9EB5C8AE2}.Release|iPhoneSimulator.Build.0 = Release|Any CPU
		{8F5C41E3-7050-4B98-96F2-26F9EB5C8AE2}.Release|x64.ActiveCfg = Release|Any CPU
		{8F5C41E3-7050-4B98-96F2-26F9EB5C8AE2}.Release|x64.Build.0 = Release|Any CPU
		{8F5C41E3-7050-4B98-96F2-26F9EB5C8AE2}.Release|x86.ActiveCfg = Release|Any CPU
		{8F5C41E3-7050-4B98-96F2-26F9EB5C8AE2}.Release|x86.Build.0 = Release|Any CPU
		{BDD616A5-4F11-4FB7-8DD0-98AFAB3B6E8A}.Ad-Hoc|Any CPU.ActiveCfg = Debug|Any CPU
		{BDD616A5-4F11-4FB7-8DD0-98AFAB3B6E8A}.Ad-Hoc|Any CPU.Build.0 = Debug|Any CPU
		{BDD616A5-4F11-4FB7-8DD0-98AFAB3B6E8A}.Ad-Hoc|ARM.ActiveCfg = Debug|Any CPU
		{BDD616A5-4F11-4FB7-8DD0-98AFAB3B6E8A}.Ad-Hoc|ARM.Build.0 = Debug|Any CPU
		{BDD616A5-4F11-4FB7-8DD0-98AFAB3B6E8A}.Ad-Hoc|iPhone.ActiveCfg = Debug|Any CPU
		{BDD616A5-4F11-4FB7-8DD0-98AFAB3B6E8A}.Ad-Hoc|iPhone.Build.0 = Debug|Any CPU
		{BDD616A5-4F11-4FB7-8DD0-98AFAB3B6E8A}.Ad-Hoc|iPhoneSimulator.ActiveCfg = Debug|Any CPU
		{BDD616A5-4F11-4FB7-8DD0-98AFAB3B6E8A}.Ad-Hoc|iPhoneSimulator.Build.0 = Debug|Any CPU
		{BDD616A5-4F11-4FB7-8DD0-98AFAB3B6E8A}.Ad-Hoc|x64.ActiveCfg = Debug|Any CPU
		{BDD616A5-4F11-4FB7-8DD0-98AFAB3B6E8A}.Ad-Hoc|x64.Build.0 = Debug|Any CPU
		{BDD616A5-4F11-4FB7-8DD0-98AFAB3B6E8A}.Ad-Hoc|x86.ActiveCfg = Debug|Any CPU
		{BDD616A5-4F11-4FB7-8DD0-98AFAB3B6E8A}.Ad-Hoc|x86.Build.0 = Debug|Any CPU
		{BDD616A5-4F11-4FB7-8DD0-98AFAB3B6E8A}.AppStore|Any CPU.ActiveCfg = Debug|Any CPU
		{BDD616A5-4F11-4FB7-8DD0-98AFAB3B6E8A}.AppStore|Any CPU.Build.0 = Debug|Any CPU
		{BDD616A5-4F11-4FB7-8DD0-98AFAB3B6E8A}.AppStore|ARM.ActiveCfg = Debug|Any CPU
		{BDD616A5-4F11-4FB7-8DD0-98AFAB3B6E8A}.AppStore|ARM.Build.0 = Debug|Any CPU
		{BDD616A5-4F11-4FB7-8DD0-98AFAB3B6E8A}.AppStore|iPhone.ActiveCfg = Debug|Any CPU
		{BDD616A5-4F11-4FB7-8DD0-98AFAB3B6E8A}.AppStore|iPhone.Build.0 = Debug|Any CPU
		{BDD616A5-4F11-4FB7-8DD0-98AFAB3B6E8A}.AppStore|iPhoneSimulator.ActiveCfg = Debug|Any CPU
		{BDD616A5-4F11-4FB7-8DD0-98AFAB3B6E8A}.AppStore|iPhoneSimulator.Build.0 = Debug|Any CPU
		{BDD616A5-4F11-4FB7-8DD0-98AFAB3B6E8A}.AppStore|x64.ActiveCfg = Debug|Any CPU
		{BDD616A5-4F11-4FB7-8DD0-98AFAB3B6E8A}.AppStore|x64.Build.0 = Debug|Any CPU
		{BDD616A5-4F11-4FB7-8DD0-98AFAB3B6E8A}.AppStore|x86.ActiveCfg = Debug|Any CPU
		{BDD616A5-4F11-4FB7-8DD0-98AFAB3B6E8A}.AppStore|x86.Build.0 = Debug|Any CPU
		{BDD616A5-4F11-4FB7-8DD0-98AFAB3B6E8A}.Debug|Any CPU.ActiveCfg = Debug|Any CPU
		{BDD616A5-4F11-4FB7-8DD0-98AFAB3B6E8A}.Debug|Any CPU.Build.0 = Debug|Any CPU
		{BDD616A5-4F11-4FB7-8DD0-98AFAB3B6E8A}.Debug|ARM.ActiveCfg = Debug|Any CPU
		{BDD616A5-4F11-4FB7-8DD0-98AFAB3B6E8A}.Debug|ARM.Build.0 = Debug|Any CPU
		{BDD616A5-4F11-4FB7-8DD0-98AFAB3B6E8A}.Debug|iPhone.ActiveCfg = Debug|Any CPU
		{BDD616A5-4F11-4FB7-8DD0-98AFAB3B6E8A}.Debug|iPhone.Build.0 = Debug|Any CPU
		{BDD616A5-4F11-4FB7-8DD0-98AFAB3B6E8A}.Debug|iPhoneSimulator.ActiveCfg = Debug|Any CPU
		{BDD616A5-4F11-4FB7-8DD0-98AFAB3B6E8A}.Debug|iPhoneSimulator.Build.0 = Debug|Any CPU
		{BDD616A5-4F11-4FB7-8DD0-98AFAB3B6E8A}.Debug|x64.ActiveCfg = Debug|Any CPU
		{BDD616A5-4F11-4FB7-8DD0-98AFAB3B6E8A}.Debug|x64.Build.0 = Debug|Any CPU
		{BDD616A5-4F11-4FB7-8DD0-98AFAB3B6E8A}.Debug|x86.ActiveCfg = Debug|Any CPU
		{BDD616A5-4F11-4FB7-8DD0-98AFAB3B6E8A}.Debug|x86.Build.0 = Debug|Any CPU
		{BDD616A5-4F11-4FB7-8DD0-98AFAB3B6E8A}.Release|Any CPU.ActiveCfg = Release|Any CPU
		{BDD616A5-4F11-4FB7-8DD0-98AFAB3B6E8A}.Release|Any CPU.Build.0 = Release|Any CPU
		{BDD616A5-4F11-4FB7-8DD0-98AFAB3B6E8A}.Release|ARM.ActiveCfg = Release|Any CPU
		{BDD616A5-4F11-4FB7-8DD0-98AFAB3B6E8A}.Release|ARM.Build.0 = Release|Any CPU
		{BDD616A5-4F11-4FB7-8DD0-98AFAB3B6E8A}.Release|iPhone.ActiveCfg = Release|Any CPU
		{BDD616A5-4F11-4FB7-8DD0-98AFAB3B6E8A}.Release|iPhone.Build.0 = Release|Any CPU
		{BDD616A5-4F11-4FB7-8DD0-98AFAB3B6E8A}.Release|iPhoneSimulator.ActiveCfg = Release|Any CPU
		{BDD616A5-4F11-4FB7-8DD0-98AFAB3B6E8A}.Release|iPhoneSimulator.Build.0 = Release|Any CPU
		{BDD616A5-4F11-4FB7-8DD0-98AFAB3B6E8A}.Release|x64.ActiveCfg = Release|Any CPU
		{BDD616A5-4F11-4FB7-8DD0-98AFAB3B6E8A}.Release|x64.Build.0 = Release|Any CPU
		{BDD616A5-4F11-4FB7-8DD0-98AFAB3B6E8A}.Release|x86.ActiveCfg = Release|Any CPU
		{BDD616A5-4F11-4FB7-8DD0-98AFAB3B6E8A}.Release|x86.Build.0 = Release|Any CPU
		{0E8E8824-46C1-4FFD-B4EA-CEAFD3F84D56}.Ad-Hoc|Any CPU.ActiveCfg = Debug|iPhoneSimulator
		{0E8E8824-46C1-4FFD-B4EA-CEAFD3F84D56}.Ad-Hoc|Any CPU.Build.0 = Debug|iPhoneSimulator
		{0E8E8824-46C1-4FFD-B4EA-CEAFD3F84D56}.Ad-Hoc|ARM.ActiveCfg = Debug|iPhoneSimulator
		{0E8E8824-46C1-4FFD-B4EA-CEAFD3F84D56}.Ad-Hoc|ARM.Build.0 = Debug|iPhoneSimulator
		{0E8E8824-46C1-4FFD-B4EA-CEAFD3F84D56}.Ad-Hoc|iPhone.ActiveCfg = Debug|iPhone
		{0E8E8824-46C1-4FFD-B4EA-CEAFD3F84D56}.Ad-Hoc|iPhone.Build.0 = Debug|iPhone
		{0E8E8824-46C1-4FFD-B4EA-CEAFD3F84D56}.Ad-Hoc|iPhoneSimulator.ActiveCfg = Debug|iPhoneSimulator
		{0E8E8824-46C1-4FFD-B4EA-CEAFD3F84D56}.Ad-Hoc|iPhoneSimulator.Build.0 = Debug|iPhoneSimulator
		{0E8E8824-46C1-4FFD-B4EA-CEAFD3F84D56}.Ad-Hoc|x64.ActiveCfg = Debug|iPhoneSimulator
		{0E8E8824-46C1-4FFD-B4EA-CEAFD3F84D56}.Ad-Hoc|x64.Build.0 = Debug|iPhoneSimulator
		{0E8E8824-46C1-4FFD-B4EA-CEAFD3F84D56}.Ad-Hoc|x86.ActiveCfg = Debug|iPhoneSimulator
		{0E8E8824-46C1-4FFD-B4EA-CEAFD3F84D56}.Ad-Hoc|x86.Build.0 = Debug|iPhoneSimulator
		{0E8E8824-46C1-4FFD-B4EA-CEAFD3F84D56}.AppStore|Any CPU.ActiveCfg = Debug|iPhoneSimulator
		{0E8E8824-46C1-4FFD-B4EA-CEAFD3F84D56}.AppStore|Any CPU.Build.0 = Debug|iPhoneSimulator
		{0E8E8824-46C1-4FFD-B4EA-CEAFD3F84D56}.AppStore|ARM.ActiveCfg = Debug|iPhoneSimulator
		{0E8E8824-46C1-4FFD-B4EA-CEAFD3F84D56}.AppStore|ARM.Build.0 = Debug|iPhoneSimulator
		{0E8E8824-46C1-4FFD-B4EA-CEAFD3F84D56}.AppStore|iPhone.ActiveCfg = Debug|iPhone
		{0E8E8824-46C1-4FFD-B4EA-CEAFD3F84D56}.AppStore|iPhone.Build.0 = Debug|iPhone
		{0E8E8824-46C1-4FFD-B4EA-CEAFD3F84D56}.AppStore|iPhoneSimulator.ActiveCfg = Debug|iPhoneSimulator
		{0E8E8824-46C1-4FFD-B4EA-CEAFD3F84D56}.AppStore|iPhoneSimulator.Build.0 = Debug|iPhoneSimulator
		{0E8E8824-46C1-4FFD-B4EA-CEAFD3F84D56}.AppStore|x64.ActiveCfg = Debug|iPhoneSimulator
		{0E8E8824-46C1-4FFD-B4EA-CEAFD3F84D56}.AppStore|x64.Build.0 = Debug|iPhoneSimulator
		{0E8E8824-46C1-4FFD-B4EA-CEAFD3F84D56}.AppStore|x86.ActiveCfg = Debug|iPhoneSimulator
		{0E8E8824-46C1-4FFD-B4EA-CEAFD3F84D56}.AppStore|x86.Build.0 = Debug|iPhoneSimulator
		{0E8E8824-46C1-4FFD-B4EA-CEAFD3F84D56}.Debug|Any CPU.ActiveCfg = Debug|iPhoneSimulator
		{0E8E8824-46C1-4FFD-B4EA-CEAFD3F84D56}.Debug|Any CPU.Build.0 = Debug|iPhoneSimulator
		{0E8E8824-46C1-4FFD-B4EA-CEAFD3F84D56}.Debug|ARM.ActiveCfg = Debug|iPhoneSimulator
		{0E8E8824-46C1-4FFD-B4EA-CEAFD3F84D56}.Debug|ARM.Build.0 = Debug|iPhoneSimulator
		{0E8E8824-46C1-4FFD-B4EA-CEAFD3F84D56}.Debug|iPhone.ActiveCfg = Debug|iPhone
		{0E8E8824-46C1-4FFD-B4EA-CEAFD3F84D56}.Debug|iPhone.Build.0 = Debug|iPhone
		{0E8E8824-46C1-4FFD-B4EA-CEAFD3F84D56}.Debug|iPhoneSimulator.ActiveCfg = Debug|iPhoneSimulator
		{0E8E8824-46C1-4FFD-B4EA-CEAFD3F84D56}.Debug|iPhoneSimulator.Build.0 = Debug|iPhoneSimulator
		{0E8E8824-46C1-4FFD-B4EA-CEAFD3F84D56}.Debug|x64.ActiveCfg = Debug|iPhoneSimulator
		{0E8E8824-46C1-4FFD-B4EA-CEAFD3F84D56}.Debug|x64.Build.0 = Debug|iPhoneSimulator
		{0E8E8824-46C1-4FFD-B4EA-CEAFD3F84D56}.Debug|x86.ActiveCfg = Debug|iPhoneSimulator
		{0E8E8824-46C1-4FFD-B4EA-CEAFD3F84D56}.Debug|x86.Build.0 = Debug|iPhoneSimulator
		{0E8E8824-46C1-4FFD-B4EA-CEAFD3F84D56}.Release|Any CPU.ActiveCfg = Release|iPhoneSimulator
		{0E8E8824-46C1-4FFD-B4EA-CEAFD3F84D56}.Release|Any CPU.Build.0 = Release|iPhoneSimulator
		{0E8E8824-46C1-4FFD-B4EA-CEAFD3F84D56}.Release|ARM.ActiveCfg = Release|iPhoneSimulator
		{0E8E8824-46C1-4FFD-B4EA-CEAFD3F84D56}.Release|ARM.Build.0 = Release|iPhoneSimulator
		{0E8E8824-46C1-4FFD-B4EA-CEAFD3F84D56}.Release|iPhone.ActiveCfg = Release|iPhone
		{0E8E8824-46C1-4FFD-B4EA-CEAFD3F84D56}.Release|iPhone.Build.0 = Release|iPhone
		{0E8E8824-46C1-4FFD-B4EA-CEAFD3F84D56}.Release|iPhoneSimulator.ActiveCfg = Release|iPhoneSimulator
		{0E8E8824-46C1-4FFD-B4EA-CEAFD3F84D56}.Release|iPhoneSimulator.Build.0 = Release|iPhoneSimulator
		{0E8E8824-46C1-4FFD-B4EA-CEAFD3F84D56}.Release|x64.ActiveCfg = Release|iPhoneSimulator
		{0E8E8824-46C1-4FFD-B4EA-CEAFD3F84D56}.Release|x64.Build.0 = Release|iPhoneSimulator
		{0E8E8824-46C1-4FFD-B4EA-CEAFD3F84D56}.Release|x86.ActiveCfg = Release|iPhoneSimulator
		{0E8E8824-46C1-4FFD-B4EA-CEAFD3F84D56}.Release|x86.Build.0 = Release|iPhoneSimulator
		{817483F6-39BA-4AEC-AB37-6C36AD7E3787}.Ad-Hoc|Any CPU.ActiveCfg = Debug|Any CPU
		{817483F6-39BA-4AEC-AB37-6C36AD7E3787}.Ad-Hoc|Any CPU.Build.0 = Debug|Any CPU
		{817483F6-39BA-4AEC-AB37-6C36AD7E3787}.Ad-Hoc|ARM.ActiveCfg = Debug|Any CPU
		{817483F6-39BA-4AEC-AB37-6C36AD7E3787}.Ad-Hoc|ARM.Build.0 = Debug|Any CPU
		{817483F6-39BA-4AEC-AB37-6C36AD7E3787}.Ad-Hoc|iPhone.ActiveCfg = Debug|Any CPU
		{817483F6-39BA-4AEC-AB37-6C36AD7E3787}.Ad-Hoc|iPhone.Build.0 = Debug|Any CPU
		{817483F6-39BA-4AEC-AB37-6C36AD7E3787}.Ad-Hoc|iPhoneSimulator.ActiveCfg = Debug|Any CPU
		{817483F6-39BA-4AEC-AB37-6C36AD7E3787}.Ad-Hoc|iPhoneSimulator.Build.0 = Debug|Any CPU
		{817483F6-39BA-4AEC-AB37-6C36AD7E3787}.Ad-Hoc|x64.ActiveCfg = Debug|Any CPU
		{817483F6-39BA-4AEC-AB37-6C36AD7E3787}.Ad-Hoc|x64.Build.0 = Debug|Any CPU
		{817483F6-39BA-4AEC-AB37-6C36AD7E3787}.Ad-Hoc|x86.ActiveCfg = Debug|Any CPU
		{817483F6-39BA-4AEC-AB37-6C36AD7E3787}.Ad-Hoc|x86.Build.0 = Debug|Any CPU
		{817483F6-39BA-4AEC-AB37-6C36AD7E3787}.AppStore|Any CPU.ActiveCfg = Debug|Any CPU
		{817483F6-39BA-4AEC-AB37-6C36AD7E3787}.AppStore|Any CPU.Build.0 = Debug|Any CPU
		{817483F6-39BA-4AEC-AB37-6C36AD7E3787}.AppStore|ARM.ActiveCfg = Debug|Any CPU
		{817483F6-39BA-4AEC-AB37-6C36AD7E3787}.AppStore|ARM.Build.0 = Debug|Any CPU
		{817483F6-39BA-4AEC-AB37-6C36AD7E3787}.AppStore|iPhone.ActiveCfg = Debug|Any CPU
		{817483F6-39BA-4AEC-AB37-6C36AD7E3787}.AppStore|iPhone.Build.0 = Debug|Any CPU
		{817483F6-39BA-4AEC-AB37-6C36AD7E3787}.AppStore|iPhoneSimulator.ActiveCfg = Debug|Any CPU
		{817483F6-39BA-4AEC-AB37-6C36AD7E3787}.AppStore|iPhoneSimulator.Build.0 = Debug|Any CPU
		{817483F6-39BA-4AEC-AB37-6C36AD7E3787}.AppStore|x64.ActiveCfg = Debug|Any CPU
		{817483F6-39BA-4AEC-AB37-6C36AD7E3787}.AppStore|x64.Build.0 = Debug|Any CPU
		{817483F6-39BA-4AEC-AB37-6C36AD7E3787}.AppStore|x86.ActiveCfg = Debug|Any CPU
		{817483F6-39BA-4AEC-AB37-6C36AD7E3787}.AppStore|x86.Build.0 = Debug|Any CPU
		{817483F6-39BA-4AEC-AB37-6C36AD7E3787}.Debug|Any CPU.ActiveCfg = Debug|Any CPU
		{817483F6-39BA-4AEC-AB37-6C36AD7E3787}.Debug|Any CPU.Build.0 = Debug|Any CPU
		{817483F6-39BA-4AEC-AB37-6C36AD7E3787}.Debug|ARM.ActiveCfg = Debug|Any CPU
		{817483F6-39BA-4AEC-AB37-6C36AD7E3787}.Debug|ARM.Build.0 = Debug|Any CPU
		{817483F6-39BA-4AEC-AB37-6C36AD7E3787}.Debug|iPhone.ActiveCfg = Debug|Any CPU
		{817483F6-39BA-4AEC-AB37-6C36AD7E3787}.Debug|iPhone.Build.0 = Debug|Any CPU
		{817483F6-39BA-4AEC-AB37-6C36AD7E3787}.Debug|iPhoneSimulator.ActiveCfg = Debug|Any CPU
		{817483F6-39BA-4AEC-AB37-6C36AD7E3787}.Debug|iPhoneSimulator.Build.0 = Debug|Any CPU
		{817483F6-39BA-4AEC-AB37-6C36AD7E3787}.Debug|x64.ActiveCfg = Debug|Any CPU
		{817483F6-39BA-4AEC-AB37-6C36AD7E3787}.Debug|x64.Build.0 = Debug|Any CPU
		{817483F6-39BA-4AEC-AB37-6C36AD7E3787}.Debug|x86.ActiveCfg = Debug|Any CPU
		{817483F6-39BA-4AEC-AB37-6C36AD7E3787}.Debug|x86.Build.0 = Debug|Any CPU
		{817483F6-39BA-4AEC-AB37-6C36AD7E3787}.Release|Any CPU.ActiveCfg = Release|Any CPU
		{817483F6-39BA-4AEC-AB37-6C36AD7E3787}.Release|Any CPU.Build.0 = Release|Any CPU
		{817483F6-39BA-4AEC-AB37-6C36AD7E3787}.Release|ARM.ActiveCfg = Release|Any CPU
		{817483F6-39BA-4AEC-AB37-6C36AD7E3787}.Release|ARM.Build.0 = Release|Any CPU
		{817483F6-39BA-4AEC-AB37-6C36AD7E3787}.Release|iPhone.ActiveCfg = Release|Any CPU
		{817483F6-39BA-4AEC-AB37-6C36AD7E3787}.Release|iPhone.Build.0 = Release|Any CPU
		{817483F6-39BA-4AEC-AB37-6C36AD7E3787}.Release|iPhoneSimulator.ActiveCfg = Release|Any CPU
		{817483F6-39BA-4AEC-AB37-6C36AD7E3787}.Release|iPhoneSimulator.Build.0 = Release|Any CPU
		{817483F6-39BA-4AEC-AB37-6C36AD7E3787}.Release|x64.ActiveCfg = Release|Any CPU
		{817483F6-39BA-4AEC-AB37-6C36AD7E3787}.Release|x64.Build.0 = Release|Any CPU
		{817483F6-39BA-4AEC-AB37-6C36AD7E3787}.Release|x86.ActiveCfg = Release|Any CPU
		{817483F6-39BA-4AEC-AB37-6C36AD7E3787}.Release|x86.Build.0 = Release|Any CPU
		{938CAA7B-F198-4280-B250-E0929A23F0DC}.Ad-Hoc|Any CPU.ActiveCfg = Debug|Any CPU
		{938CAA7B-F198-4280-B250-E0929A23F0DC}.Ad-Hoc|Any CPU.Build.0 = Debug|Any CPU
		{938CAA7B-F198-4280-B250-E0929A23F0DC}.Ad-Hoc|ARM.ActiveCfg = Debug|Any CPU
		{938CAA7B-F198-4280-B250-E0929A23F0DC}.Ad-Hoc|ARM.Build.0 = Debug|Any CPU
		{938CAA7B-F198-4280-B250-E0929A23F0DC}.Ad-Hoc|iPhone.ActiveCfg = Debug|Any CPU
		{938CAA7B-F198-4280-B250-E0929A23F0DC}.Ad-Hoc|iPhone.Build.0 = Debug|Any CPU
		{938CAA7B-F198-4280-B250-E0929A23F0DC}.Ad-Hoc|iPhoneSimulator.ActiveCfg = Debug|Any CPU
		{938CAA7B-F198-4280-B250-E0929A23F0DC}.Ad-Hoc|iPhoneSimulator.Build.0 = Debug|Any CPU
		{938CAA7B-F198-4280-B250-E0929A23F0DC}.Ad-Hoc|x64.ActiveCfg = Debug|Any CPU
		{938CAA7B-F198-4280-B250-E0929A23F0DC}.Ad-Hoc|x64.Build.0 = Debug|Any CPU
		{938CAA7B-F198-4280-B250-E0929A23F0DC}.Ad-Hoc|x86.ActiveCfg = Debug|Any CPU
		{938CAA7B-F198-4280-B250-E0929A23F0DC}.Ad-Hoc|x86.Build.0 = Debug|Any CPU
		{938CAA7B-F198-4280-B250-E0929A23F0DC}.AppStore|Any CPU.ActiveCfg = Debug|Any CPU
		{938CAA7B-F198-4280-B250-E0929A23F0DC}.AppStore|Any CPU.Build.0 = Debug|Any CPU
		{938CAA7B-F198-4280-B250-E0929A23F0DC}.AppStore|ARM.ActiveCfg = Debug|Any CPU
		{938CAA7B-F198-4280-B250-E0929A23F0DC}.AppStore|ARM.Build.0 = Debug|Any CPU
		{938CAA7B-F198-4280-B250-E0929A23F0DC}.AppStore|iPhone.ActiveCfg = Debug|Any CPU
		{938CAA7B-F198-4280-B250-E0929A23F0DC}.AppStore|iPhone.Build.0 = Debug|Any CPU
		{938CAA7B-F198-4280-B250-E0929A23F0DC}.AppStore|iPhoneSimulator.ActiveCfg = Debug|Any CPU
		{938CAA7B-F198-4280-B250-E0929A23F0DC}.AppStore|iPhoneSimulator.Build.0 = Debug|Any CPU
		{938CAA7B-F198-4280-B250-E0929A23F0DC}.AppStore|x64.ActiveCfg = Debug|Any CPU
		{938CAA7B-F198-4280-B250-E0929A23F0DC}.AppStore|x64.Build.0 = Debug|Any CPU
		{938CAA7B-F198-4280-B250-E0929A23F0DC}.AppStore|x86.ActiveCfg = Debug|Any CPU
		{938CAA7B-F198-4280-B250-E0929A23F0DC}.AppStore|x86.Build.0 = Debug|Any CPU
		{938CAA7B-F198-4280-B250-E0929A23F0DC}.Debug|Any CPU.ActiveCfg = Debug|Any CPU
		{938CAA7B-F198-4280-B250-E0929A23F0DC}.Debug|Any CPU.Build.0 = Debug|Any CPU
		{938CAA7B-F198-4280-B250-E0929A23F0DC}.Debug|ARM.ActiveCfg = Debug|Any CPU
		{938CAA7B-F198-4280-B250-E0929A23F0DC}.Debug|ARM.Build.0 = Debug|Any CPU
		{938CAA7B-F198-4280-B250-E0929A23F0DC}.Debug|iPhone.ActiveCfg = Debug|Any CPU
		{938CAA7B-F198-4280-B250-E0929A23F0DC}.Debug|iPhone.Build.0 = Debug|Any CPU
		{938CAA7B-F198-4280-B250-E0929A23F0DC}.Debug|iPhoneSimulator.ActiveCfg = Debug|Any CPU
		{938CAA7B-F198-4280-B250-E0929A23F0DC}.Debug|iPhoneSimulator.Build.0 = Debug|Any CPU
		{938CAA7B-F198-4280-B250-E0929A23F0DC}.Debug|x64.ActiveCfg = Debug|Any CPU
		{938CAA7B-F198-4280-B250-E0929A23F0DC}.Debug|x64.Build.0 = Debug|Any CPU
		{938CAA7B-F198-4280-B250-E0929A23F0DC}.Debug|x86.ActiveCfg = Debug|Any CPU
		{938CAA7B-F198-4280-B250-E0929A23F0DC}.Debug|x86.Build.0 = Debug|Any CPU
		{938CAA7B-F198-4280-B250-E0929A23F0DC}.Release|Any CPU.ActiveCfg = Release|Any CPU
		{938CAA7B-F198-4280-B250-E0929A23F0DC}.Release|Any CPU.Build.0 = Release|Any CPU
		{938CAA7B-F198-4280-B250-E0929A23F0DC}.Release|ARM.ActiveCfg = Release|Any CPU
		{938CAA7B-F198-4280-B250-E0929A23F0DC}.Release|ARM.Build.0 = Release|Any CPU
		{938CAA7B-F198-4280-B250-E0929A23F0DC}.Release|iPhone.ActiveCfg = Release|Any CPU
		{938CAA7B-F198-4280-B250-E0929A23F0DC}.Release|iPhone.Build.0 = Release|Any CPU
		{938CAA7B-F198-4280-B250-E0929A23F0DC}.Release|iPhoneSimulator.ActiveCfg = Release|Any CPU
		{938CAA7B-F198-4280-B250-E0929A23F0DC}.Release|iPhoneSimulator.Build.0 = Release|Any CPU
		{938CAA7B-F198-4280-B250-E0929A23F0DC}.Release|x64.ActiveCfg = Release|Any CPU
		{938CAA7B-F198-4280-B250-E0929A23F0DC}.Release|x64.Build.0 = Release|Any CPU
		{938CAA7B-F198-4280-B250-E0929A23F0DC}.Release|x86.ActiveCfg = Release|Any CPU
		{938CAA7B-F198-4280-B250-E0929A23F0DC}.Release|x86.Build.0 = Release|Any CPU
		{0FB48CEE-92FA-4B2B-9E59-E69FCE042B20}.Ad-Hoc|Any CPU.ActiveCfg = Debug|Any CPU
		{0FB48CEE-92FA-4B2B-9E59-E69FCE042B20}.Ad-Hoc|Any CPU.Build.0 = Debug|Any CPU
		{0FB48CEE-92FA-4B2B-9E59-E69FCE042B20}.Ad-Hoc|ARM.ActiveCfg = Debug|Any CPU
		{0FB48CEE-92FA-4B2B-9E59-E69FCE042B20}.Ad-Hoc|ARM.Build.0 = Debug|Any CPU
		{0FB48CEE-92FA-4B2B-9E59-E69FCE042B20}.Ad-Hoc|iPhone.ActiveCfg = Debug|Any CPU
		{0FB48CEE-92FA-4B2B-9E59-E69FCE042B20}.Ad-Hoc|iPhone.Build.0 = Debug|Any CPU
		{0FB48CEE-92FA-4B2B-9E59-E69FCE042B20}.Ad-Hoc|iPhoneSimulator.ActiveCfg = Debug|Any CPU
		{0FB48CEE-92FA-4B2B-9E59-E69FCE042B20}.Ad-Hoc|iPhoneSimulator.Build.0 = Debug|Any CPU
		{0FB48CEE-92FA-4B2B-9E59-E69FCE042B20}.Ad-Hoc|x64.ActiveCfg = Debug|Any CPU
		{0FB48CEE-92FA-4B2B-9E59-E69FCE042B20}.Ad-Hoc|x64.Build.0 = Debug|Any CPU
		{0FB48CEE-92FA-4B2B-9E59-E69FCE042B20}.Ad-Hoc|x86.ActiveCfg = Debug|Any CPU
		{0FB48CEE-92FA-4B2B-9E59-E69FCE042B20}.Ad-Hoc|x86.Build.0 = Debug|Any CPU
		{0FB48CEE-92FA-4B2B-9E59-E69FCE042B20}.AppStore|Any CPU.ActiveCfg = Debug|Any CPU
		{0FB48CEE-92FA-4B2B-9E59-E69FCE042B20}.AppStore|Any CPU.Build.0 = Debug|Any CPU
		{0FB48CEE-92FA-4B2B-9E59-E69FCE042B20}.AppStore|ARM.ActiveCfg = Debug|Any CPU
		{0FB48CEE-92FA-4B2B-9E59-E69FCE042B20}.AppStore|ARM.Build.0 = Debug|Any CPU
		{0FB48CEE-92FA-4B2B-9E59-E69FCE042B20}.AppStore|iPhone.ActiveCfg = Debug|Any CPU
		{0FB48CEE-92FA-4B2B-9E59-E69FCE042B20}.AppStore|iPhone.Build.0 = Debug|Any CPU
		{0FB48CEE-92FA-4B2B-9E59-E69FCE042B20}.AppStore|iPhoneSimulator.ActiveCfg = Debug|Any CPU
		{0FB48CEE-92FA-4B2B-9E59-E69FCE042B20}.AppStore|iPhoneSimulator.Build.0 = Debug|Any CPU
		{0FB48CEE-92FA-4B2B-9E59-E69FCE042B20}.AppStore|x64.ActiveCfg = Debug|Any CPU
		{0FB48CEE-92FA-4B2B-9E59-E69FCE042B20}.AppStore|x64.Build.0 = Debug|Any CPU
		{0FB48CEE-92FA-4B2B-9E59-E69FCE042B20}.AppStore|x86.ActiveCfg = Debug|Any CPU
		{0FB48CEE-92FA-4B2B-9E59-E69FCE042B20}.AppStore|x86.Build.0 = Debug|Any CPU
		{0FB48CEE-92FA-4B2B-9E59-E69FCE042B20}.Debug|Any CPU.ActiveCfg = Debug|Any CPU
		{0FB48CEE-92FA-4B2B-9E59-E69FCE042B20}.Debug|Any CPU.Build.0 = Debug|Any CPU
		{0FB48CEE-92FA-4B2B-9E59-E69FCE042B20}.Debug|ARM.ActiveCfg = Debug|Any CPU
		{0FB48CEE-92FA-4B2B-9E59-E69FCE042B20}.Debug|ARM.Build.0 = Debug|Any CPU
		{0FB48CEE-92FA-4B2B-9E59-E69FCE042B20}.Debug|iPhone.ActiveCfg = Debug|Any CPU
		{0FB48CEE-92FA-4B2B-9E59-E69FCE042B20}.Debug|iPhone.Build.0 = Debug|Any CPU
		{0FB48CEE-92FA-4B2B-9E59-E69FCE042B20}.Debug|iPhoneSimulator.ActiveCfg = Debug|Any CPU
		{0FB48CEE-92FA-4B2B-9E59-E69FCE042B20}.Debug|iPhoneSimulator.Build.0 = Debug|Any CPU
		{0FB48CEE-92FA-4B2B-9E59-E69FCE042B20}.Debug|x64.ActiveCfg = Debug|Any CPU
		{0FB48CEE-92FA-4B2B-9E59-E69FCE042B20}.Debug|x64.Build.0 = Debug|Any CPU
		{0FB48CEE-92FA-4B2B-9E59-E69FCE042B20}.Debug|x86.ActiveCfg = Debug|Any CPU
		{0FB48CEE-92FA-4B2B-9E59-E69FCE042B20}.Debug|x86.Build.0 = Debug|Any CPU
		{0FB48CEE-92FA-4B2B-9E59-E69FCE042B20}.Release|Any CPU.ActiveCfg = Release|Any CPU
		{0FB48CEE-92FA-4B2B-9E59-E69FCE042B20}.Release|Any CPU.Build.0 = Release|Any CPU
		{0FB48CEE-92FA-4B2B-9E59-E69FCE042B20}.Release|ARM.ActiveCfg = Release|Any CPU
		{0FB48CEE-92FA-4B2B-9E59-E69FCE042B20}.Release|ARM.Build.0 = Release|Any CPU
		{0FB48CEE-92FA-4B2B-9E59-E69FCE042B20}.Release|iPhone.ActiveCfg = Release|Any CPU
		{0FB48CEE-92FA-4B2B-9E59-E69FCE042B20}.Release|iPhone.Build.0 = Release|Any CPU
		{0FB48CEE-92FA-4B2B-9E59-E69FCE042B20}.Release|iPhoneSimulator.ActiveCfg = Release|Any CPU
		{0FB48CEE-92FA-4B2B-9E59-E69FCE042B20}.Release|iPhoneSimulator.Build.0 = Release|Any CPU
		{0FB48CEE-92FA-4B2B-9E59-E69FCE042B20}.Release|x64.ActiveCfg = Release|Any CPU
		{0FB48CEE-92FA-4B2B-9E59-E69FCE042B20}.Release|x64.Build.0 = Release|Any CPU
		{0FB48CEE-92FA-4B2B-9E59-E69FCE042B20}.Release|x86.ActiveCfg = Release|Any CPU
		{0FB48CEE-92FA-4B2B-9E59-E69FCE042B20}.Release|x86.Build.0 = Release|Any CPU
		{04982109-73EE-45E0-A3EA-338800BC77A2}.Ad-Hoc|Any CPU.ActiveCfg = Debug|Any CPU
		{04982109-73EE-45E0-A3EA-338800BC77A2}.Ad-Hoc|Any CPU.Build.0 = Debug|Any CPU
		{04982109-73EE-45E0-A3EA-338800BC77A2}.Ad-Hoc|ARM.ActiveCfg = Debug|Any CPU
		{04982109-73EE-45E0-A3EA-338800BC77A2}.Ad-Hoc|ARM.Build.0 = Debug|Any CPU
		{04982109-73EE-45E0-A3EA-338800BC77A2}.Ad-Hoc|iPhone.ActiveCfg = Debug|Any CPU
		{04982109-73EE-45E0-A3EA-338800BC77A2}.Ad-Hoc|iPhone.Build.0 = Debug|Any CPU
		{04982109-73EE-45E0-A3EA-338800BC77A2}.Ad-Hoc|iPhoneSimulator.ActiveCfg = Debug|Any CPU
		{04982109-73EE-45E0-A3EA-338800BC77A2}.Ad-Hoc|iPhoneSimulator.Build.0 = Debug|Any CPU
		{04982109-73EE-45E0-A3EA-338800BC77A2}.Ad-Hoc|x64.ActiveCfg = Debug|Any CPU
		{04982109-73EE-45E0-A3EA-338800BC77A2}.Ad-Hoc|x64.Build.0 = Debug|Any CPU
		{04982109-73EE-45E0-A3EA-338800BC77A2}.Ad-Hoc|x86.ActiveCfg = Debug|Any CPU
		{04982109-73EE-45E0-A3EA-338800BC77A2}.Ad-Hoc|x86.Build.0 = Debug|Any CPU
		{04982109-73EE-45E0-A3EA-338800BC77A2}.AppStore|Any CPU.ActiveCfg = Debug|Any CPU
		{04982109-73EE-45E0-A3EA-338800BC77A2}.AppStore|Any CPU.Build.0 = Debug|Any CPU
		{04982109-73EE-45E0-A3EA-338800BC77A2}.AppStore|ARM.ActiveCfg = Debug|Any CPU
		{04982109-73EE-45E0-A3EA-338800BC77A2}.AppStore|ARM.Build.0 = Debug|Any CPU
		{04982109-73EE-45E0-A3EA-338800BC77A2}.AppStore|iPhone.ActiveCfg = Debug|Any CPU
		{04982109-73EE-45E0-A3EA-338800BC77A2}.AppStore|iPhone.Build.0 = Debug|Any CPU
		{04982109-73EE-45E0-A3EA-338800BC77A2}.AppStore|iPhoneSimulator.ActiveCfg = Debug|Any CPU
		{04982109-73EE-45E0-A3EA-338800BC77A2}.AppStore|iPhoneSimulator.Build.0 = Debug|Any CPU
		{04982109-73EE-45E0-A3EA-338800BC77A2}.AppStore|x64.ActiveCfg = Debug|Any CPU
		{04982109-73EE-45E0-A3EA-338800BC77A2}.AppStore|x64.Build.0 = Debug|Any CPU
		{04982109-73EE-45E0-A3EA-338800BC77A2}.AppStore|x86.ActiveCfg = Debug|Any CPU
		{04982109-73EE-45E0-A3EA-338800BC77A2}.AppStore|x86.Build.0 = Debug|Any CPU
		{04982109-73EE-45E0-A3EA-338800BC77A2}.Debug|Any CPU.ActiveCfg = Debug|Any CPU
		{04982109-73EE-45E0-A3EA-338800BC77A2}.Debug|Any CPU.Build.0 = Debug|Any CPU
		{04982109-73EE-45E0-A3EA-338800BC77A2}.Debug|ARM.ActiveCfg = Debug|Any CPU
		{04982109-73EE-45E0-A3EA-338800BC77A2}.Debug|ARM.Build.0 = Debug|Any CPU
		{04982109-73EE-45E0-A3EA-338800BC77A2}.Debug|iPhone.ActiveCfg = Debug|Any CPU
		{04982109-73EE-45E0-A3EA-338800BC77A2}.Debug|iPhone.Build.0 = Debug|Any CPU
		{04982109-73EE-45E0-A3EA-338800BC77A2}.Debug|iPhoneSimulator.ActiveCfg = Debug|Any CPU
		{04982109-73EE-45E0-A3EA-338800BC77A2}.Debug|iPhoneSimulator.Build.0 = Debug|Any CPU
		{04982109-73EE-45E0-A3EA-338800BC77A2}.Debug|x64.ActiveCfg = Debug|Any CPU
		{04982109-73EE-45E0-A3EA-338800BC77A2}.Debug|x64.Build.0 = Debug|Any CPU
		{04982109-73EE-45E0-A3EA-338800BC77A2}.Debug|x86.ActiveCfg = Debug|Any CPU
		{04982109-73EE-45E0-A3EA-338800BC77A2}.Debug|x86.Build.0 = Debug|Any CPU
		{04982109-73EE-45E0-A3EA-338800BC77A2}.Release|Any CPU.ActiveCfg = Release|Any CPU
		{04982109-73EE-45E0-A3EA-338800BC77A2}.Release|Any CPU.Build.0 = Release|Any CPU
		{04982109-73EE-45E0-A3EA-338800BC77A2}.Release|ARM.ActiveCfg = Release|Any CPU
		{04982109-73EE-45E0-A3EA-338800BC77A2}.Release|ARM.Build.0 = Release|Any CPU
		{04982109-73EE-45E0-A3EA-338800BC77A2}.Release|iPhone.ActiveCfg = Release|Any CPU
		{04982109-73EE-45E0-A3EA-338800BC77A2}.Release|iPhone.Build.0 = Release|Any CPU
		{04982109-73EE-45E0-A3EA-338800BC77A2}.Release|iPhoneSimulator.ActiveCfg = Release|Any CPU
		{04982109-73EE-45E0-A3EA-338800BC77A2}.Release|iPhoneSimulator.Build.0 = Release|Any CPU
		{04982109-73EE-45E0-A3EA-338800BC77A2}.Release|x64.ActiveCfg = Release|Any CPU
		{04982109-73EE-45E0-A3EA-338800BC77A2}.Release|x64.Build.0 = Release|Any CPU
		{04982109-73EE-45E0-A3EA-338800BC77A2}.Release|x86.ActiveCfg = Release|Any CPU
		{04982109-73EE-45E0-A3EA-338800BC77A2}.Release|x86.Build.0 = Release|Any CPU
		{0B57A085-E532-4781-9926-53DD0ED69DE3}.Ad-Hoc|Any CPU.ActiveCfg = Debug|Any CPU
		{0B57A085-E532-4781-9926-53DD0ED69DE3}.Ad-Hoc|Any CPU.Build.0 = Debug|Any CPU
		{0B57A085-E532-4781-9926-53DD0ED69DE3}.Ad-Hoc|ARM.ActiveCfg = Debug|Any CPU
		{0B57A085-E532-4781-9926-53DD0ED69DE3}.Ad-Hoc|ARM.Build.0 = Debug|Any CPU
		{0B57A085-E532-4781-9926-53DD0ED69DE3}.Ad-Hoc|iPhone.ActiveCfg = Debug|Any CPU
		{0B57A085-E532-4781-9926-53DD0ED69DE3}.Ad-Hoc|iPhone.Build.0 = Debug|Any CPU
		{0B57A085-E532-4781-9926-53DD0ED69DE3}.Ad-Hoc|iPhoneSimulator.ActiveCfg = Debug|Any CPU
		{0B57A085-E532-4781-9926-53DD0ED69DE3}.Ad-Hoc|iPhoneSimulator.Build.0 = Debug|Any CPU
		{0B57A085-E532-4781-9926-53DD0ED69DE3}.Ad-Hoc|x64.ActiveCfg = Debug|Any CPU
		{0B57A085-E532-4781-9926-53DD0ED69DE3}.Ad-Hoc|x64.Build.0 = Debug|Any CPU
		{0B57A085-E532-4781-9926-53DD0ED69DE3}.Ad-Hoc|x86.ActiveCfg = Debug|Any CPU
		{0B57A085-E532-4781-9926-53DD0ED69DE3}.Ad-Hoc|x86.Build.0 = Debug|Any CPU
		{0B57A085-E532-4781-9926-53DD0ED69DE3}.AppStore|Any CPU.ActiveCfg = Debug|Any CPU
		{0B57A085-E532-4781-9926-53DD0ED69DE3}.AppStore|Any CPU.Build.0 = Debug|Any CPU
		{0B57A085-E532-4781-9926-53DD0ED69DE3}.AppStore|ARM.ActiveCfg = Debug|Any CPU
		{0B57A085-E532-4781-9926-53DD0ED69DE3}.AppStore|ARM.Build.0 = Debug|Any CPU
		{0B57A085-E532-4781-9926-53DD0ED69DE3}.AppStore|iPhone.ActiveCfg = Debug|Any CPU
		{0B57A085-E532-4781-9926-53DD0ED69DE3}.AppStore|iPhone.Build.0 = Debug|Any CPU
		{0B57A085-E532-4781-9926-53DD0ED69DE3}.AppStore|iPhoneSimulator.ActiveCfg = Debug|Any CPU
		{0B57A085-E532-4781-9926-53DD0ED69DE3}.AppStore|iPhoneSimulator.Build.0 = Debug|Any CPU
		{0B57A085-E532-4781-9926-53DD0ED69DE3}.AppStore|x64.ActiveCfg = Debug|Any CPU
		{0B57A085-E532-4781-9926-53DD0ED69DE3}.AppStore|x64.Build.0 = Debug|Any CPU
		{0B57A085-E532-4781-9926-53DD0ED69DE3}.AppStore|x86.ActiveCfg = Debug|Any CPU
		{0B57A085-E532-4781-9926-53DD0ED69DE3}.AppStore|x86.Build.0 = Debug|Any CPU
		{0B57A085-E532-4781-9926-53DD0ED69DE3}.Debug|Any CPU.ActiveCfg = Debug|Any CPU
		{0B57A085-E532-4781-9926-53DD0ED69DE3}.Debug|Any CPU.Build.0 = Debug|Any CPU
		{0B57A085-E532-4781-9926-53DD0ED69DE3}.Debug|ARM.ActiveCfg = Debug|Any CPU
		{0B57A085-E532-4781-9926-53DD0ED69DE3}.Debug|ARM.Build.0 = Debug|Any CPU
		{0B57A085-E532-4781-9926-53DD0ED69DE3}.Debug|iPhone.ActiveCfg = Debug|Any CPU
		{0B57A085-E532-4781-9926-53DD0ED69DE3}.Debug|iPhone.Build.0 = Debug|Any CPU
		{0B57A085-E532-4781-9926-53DD0ED69DE3}.Debug|iPhoneSimulator.ActiveCfg = Debug|Any CPU
		{0B57A085-E532-4781-9926-53DD0ED69DE3}.Debug|iPhoneSimulator.Build.0 = Debug|Any CPU
		{0B57A085-E532-4781-9926-53DD0ED69DE3}.Debug|x64.ActiveCfg = Debug|Any CPU
		{0B57A085-E532-4781-9926-53DD0ED69DE3}.Debug|x64.Build.0 = Debug|Any CPU
		{0B57A085-E532-4781-9926-53DD0ED69DE3}.Debug|x86.ActiveCfg = Debug|Any CPU
		{0B57A085-E532-4781-9926-53DD0ED69DE3}.Debug|x86.Build.0 = Debug|Any CPU
		{0B57A085-E532-4781-9926-53DD0ED69DE3}.Release|Any CPU.ActiveCfg = Release|Any CPU
		{0B57A085-E532-4781-9926-53DD0ED69DE3}.Release|Any CPU.Build.0 = Release|Any CPU
		{0B57A085-E532-4781-9926-53DD0ED69DE3}.Release|ARM.ActiveCfg = Release|Any CPU
		{0B57A085-E532-4781-9926-53DD0ED69DE3}.Release|ARM.Build.0 = Release|Any CPU
		{0B57A085-E532-4781-9926-53DD0ED69DE3}.Release|iPhone.ActiveCfg = Release|Any CPU
		{0B57A085-E532-4781-9926-53DD0ED69DE3}.Release|iPhone.Build.0 = Release|Any CPU
		{0B57A085-E532-4781-9926-53DD0ED69DE3}.Release|iPhoneSimulator.ActiveCfg = Release|Any CPU
		{0B57A085-E532-4781-9926-53DD0ED69DE3}.Release|iPhoneSimulator.Build.0 = Release|Any CPU
		{0B57A085-E532-4781-9926-53DD0ED69DE3}.Release|x64.ActiveCfg = Release|Any CPU
		{0B57A085-E532-4781-9926-53DD0ED69DE3}.Release|x64.Build.0 = Release|Any CPU
		{0B57A085-E532-4781-9926-53DD0ED69DE3}.Release|x86.ActiveCfg = Release|Any CPU
		{0B57A085-E532-4781-9926-53DD0ED69DE3}.Release|x86.Build.0 = Release|Any CPU
		{19442023-8A6D-4CAA-875C-F676E4997829}.Ad-Hoc|Any CPU.ActiveCfg = Debug|Any CPU
		{19442023-8A6D-4CAA-875C-F676E4997829}.Ad-Hoc|Any CPU.Build.0 = Debug|Any CPU
		{19442023-8A6D-4CAA-875C-F676E4997829}.Ad-Hoc|ARM.ActiveCfg = Debug|Any CPU
		{19442023-8A6D-4CAA-875C-F676E4997829}.Ad-Hoc|ARM.Build.0 = Debug|Any CPU
		{19442023-8A6D-4CAA-875C-F676E4997829}.Ad-Hoc|iPhone.ActiveCfg = Debug|Any CPU
		{19442023-8A6D-4CAA-875C-F676E4997829}.Ad-Hoc|iPhone.Build.0 = Debug|Any CPU
		{19442023-8A6D-4CAA-875C-F676E4997829}.Ad-Hoc|iPhoneSimulator.ActiveCfg = Debug|Any CPU
		{19442023-8A6D-4CAA-875C-F676E4997829}.Ad-Hoc|iPhoneSimulator.Build.0 = Debug|Any CPU
		{19442023-8A6D-4CAA-875C-F676E4997829}.Ad-Hoc|x64.ActiveCfg = Debug|Any CPU
		{19442023-8A6D-4CAA-875C-F676E4997829}.Ad-Hoc|x64.Build.0 = Debug|Any CPU
		{19442023-8A6D-4CAA-875C-F676E4997829}.Ad-Hoc|x86.ActiveCfg = Debug|Any CPU
		{19442023-8A6D-4CAA-875C-F676E4997829}.Ad-Hoc|x86.Build.0 = Debug|Any CPU
		{19442023-8A6D-4CAA-875C-F676E4997829}.AppStore|Any CPU.ActiveCfg = Debug|Any CPU
		{19442023-8A6D-4CAA-875C-F676E4997829}.AppStore|Any CPU.Build.0 = Debug|Any CPU
		{19442023-8A6D-4CAA-875C-F676E4997829}.AppStore|ARM.ActiveCfg = Debug|Any CPU
		{19442023-8A6D-4CAA-875C-F676E4997829}.AppStore|ARM.Build.0 = Debug|Any CPU
		{19442023-8A6D-4CAA-875C-F676E4997829}.AppStore|iPhone.ActiveCfg = Debug|Any CPU
		{19442023-8A6D-4CAA-875C-F676E4997829}.AppStore|iPhone.Build.0 = Debug|Any CPU
		{19442023-8A6D-4CAA-875C-F676E4997829}.AppStore|iPhoneSimulator.ActiveCfg = Debug|Any CPU
		{19442023-8A6D-4CAA-875C-F676E4997829}.AppStore|iPhoneSimulator.Build.0 = Debug|Any CPU
		{19442023-8A6D-4CAA-875C-F676E4997829}.AppStore|x64.ActiveCfg = Debug|Any CPU
		{19442023-8A6D-4CAA-875C-F676E4997829}.AppStore|x64.Build.0 = Debug|Any CPU
		{19442023-8A6D-4CAA-875C-F676E4997829}.AppStore|x86.ActiveCfg = Debug|Any CPU
		{19442023-8A6D-4CAA-875C-F676E4997829}.AppStore|x86.Build.0 = Debug|Any CPU
		{19442023-8A6D-4CAA-875C-F676E4997829}.Debug|Any CPU.ActiveCfg = Debug|Any CPU
		{19442023-8A6D-4CAA-875C-F676E4997829}.Debug|Any CPU.Build.0 = Debug|Any CPU
		{19442023-8A6D-4CAA-875C-F676E4997829}.Debug|ARM.ActiveCfg = Debug|Any CPU
		{19442023-8A6D-4CAA-875C-F676E4997829}.Debug|ARM.Build.0 = Debug|Any CPU
		{19442023-8A6D-4CAA-875C-F676E4997829}.Debug|iPhone.ActiveCfg = Debug|Any CPU
		{19442023-8A6D-4CAA-875C-F676E4997829}.Debug|iPhone.Build.0 = Debug|Any CPU
		{19442023-8A6D-4CAA-875C-F676E4997829}.Debug|iPhoneSimulator.ActiveCfg = Debug|Any CPU
		{19442023-8A6D-4CAA-875C-F676E4997829}.Debug|iPhoneSimulator.Build.0 = Debug|Any CPU
		{19442023-8A6D-4CAA-875C-F676E4997829}.Debug|x64.ActiveCfg = Debug|Any CPU
		{19442023-8A6D-4CAA-875C-F676E4997829}.Debug|x64.Build.0 = Debug|Any CPU
		{19442023-8A6D-4CAA-875C-F676E4997829}.Debug|x86.ActiveCfg = Debug|Any CPU
		{19442023-8A6D-4CAA-875C-F676E4997829}.Debug|x86.Build.0 = Debug|Any CPU
		{19442023-8A6D-4CAA-875C-F676E4997829}.Release|Any CPU.ActiveCfg = Release|Any CPU
		{19442023-8A6D-4CAA-875C-F676E4997829}.Release|Any CPU.Build.0 = Release|Any CPU
		{19442023-8A6D-4CAA-875C-F676E4997829}.Release|ARM.ActiveCfg = Release|Any CPU
		{19442023-8A6D-4CAA-875C-F676E4997829}.Release|ARM.Build.0 = Release|Any CPU
		{19442023-8A6D-4CAA-875C-F676E4997829}.Release|iPhone.ActiveCfg = Release|Any CPU
		{19442023-8A6D-4CAA-875C-F676E4997829}.Release|iPhone.Build.0 = Release|Any CPU
		{19442023-8A6D-4CAA-875C-F676E4997829}.Release|iPhoneSimulator.ActiveCfg = Release|Any CPU
		{19442023-8A6D-4CAA-875C-F676E4997829}.Release|iPhoneSimulator.Build.0 = Release|Any CPU
		{19442023-8A6D-4CAA-875C-F676E4997829}.Release|x64.ActiveCfg = Release|Any CPU
		{19442023-8A6D-4CAA-875C-F676E4997829}.Release|x64.Build.0 = Release|Any CPU
		{19442023-8A6D-4CAA-875C-F676E4997829}.Release|x86.ActiveCfg = Release|Any CPU
		{19442023-8A6D-4CAA-875C-F676E4997829}.Release|x86.Build.0 = Release|Any CPU
		{0EEE0584-E70C-4098-B96A-E5919CE6FA2C}.Ad-Hoc|Any CPU.ActiveCfg = Debug|Any CPU
		{0EEE0584-E70C-4098-B96A-E5919CE6FA2C}.Ad-Hoc|Any CPU.Build.0 = Debug|Any CPU
		{0EEE0584-E70C-4098-B96A-E5919CE6FA2C}.Ad-Hoc|ARM.ActiveCfg = Debug|Any CPU
		{0EEE0584-E70C-4098-B96A-E5919CE6FA2C}.Ad-Hoc|ARM.Build.0 = Debug|Any CPU
		{0EEE0584-E70C-4098-B96A-E5919CE6FA2C}.Ad-Hoc|iPhone.ActiveCfg = Debug|Any CPU
		{0EEE0584-E70C-4098-B96A-E5919CE6FA2C}.Ad-Hoc|iPhone.Build.0 = Debug|Any CPU
		{0EEE0584-E70C-4098-B96A-E5919CE6FA2C}.Ad-Hoc|iPhoneSimulator.ActiveCfg = Debug|Any CPU
		{0EEE0584-E70C-4098-B96A-E5919CE6FA2C}.Ad-Hoc|iPhoneSimulator.Build.0 = Debug|Any CPU
		{0EEE0584-E70C-4098-B96A-E5919CE6FA2C}.Ad-Hoc|x64.ActiveCfg = Debug|Any CPU
		{0EEE0584-E70C-4098-B96A-E5919CE6FA2C}.Ad-Hoc|x64.Build.0 = Debug|Any CPU
		{0EEE0584-E70C-4098-B96A-E5919CE6FA2C}.Ad-Hoc|x86.ActiveCfg = Debug|Any CPU
		{0EEE0584-E70C-4098-B96A-E5919CE6FA2C}.Ad-Hoc|x86.Build.0 = Debug|Any CPU
		{0EEE0584-E70C-4098-B96A-E5919CE6FA2C}.AppStore|Any CPU.ActiveCfg = Debug|Any CPU
		{0EEE0584-E70C-4098-B96A-E5919CE6FA2C}.AppStore|Any CPU.Build.0 = Debug|Any CPU
		{0EEE0584-E70C-4098-B96A-E5919CE6FA2C}.AppStore|ARM.ActiveCfg = Debug|Any CPU
		{0EEE0584-E70C-4098-B96A-E5919CE6FA2C}.AppStore|ARM.Build.0 = Debug|Any CPU
		{0EEE0584-E70C-4098-B96A-E5919CE6FA2C}.AppStore|iPhone.ActiveCfg = Debug|Any CPU
		{0EEE0584-E70C-4098-B96A-E5919CE6FA2C}.AppStore|iPhone.Build.0 = Debug|Any CPU
		{0EEE0584-E70C-4098-B96A-E5919CE6FA2C}.AppStore|iPhoneSimulator.ActiveCfg = Debug|Any CPU
		{0EEE0584-E70C-4098-B96A-E5919CE6FA2C}.AppStore|iPhoneSimulator.Build.0 = Debug|Any CPU
		{0EEE0584-E70C-4098-B96A-E5919CE6FA2C}.AppStore|x64.ActiveCfg = Debug|Any CPU
		{0EEE0584-E70C-4098-B96A-E5919CE6FA2C}.AppStore|x64.Build.0 = Debug|Any CPU
		{0EEE0584-E70C-4098-B96A-E5919CE6FA2C}.AppStore|x86.ActiveCfg = Debug|Any CPU
		{0EEE0584-E70C-4098-B96A-E5919CE6FA2C}.AppStore|x86.Build.0 = Debug|Any CPU
		{0EEE0584-E70C-4098-B96A-E5919CE6FA2C}.Debug|Any CPU.ActiveCfg = Debug|Any CPU
		{0EEE0584-E70C-4098-B96A-E5919CE6FA2C}.Debug|Any CPU.Build.0 = Debug|Any CPU
		{0EEE0584-E70C-4098-B96A-E5919CE6FA2C}.Debug|ARM.ActiveCfg = Debug|Any CPU
		{0EEE0584-E70C-4098-B96A-E5919CE6FA2C}.Debug|ARM.Build.0 = Debug|Any CPU
		{0EEE0584-E70C-4098-B96A-E5919CE6FA2C}.Debug|iPhone.ActiveCfg = Debug|Any CPU
		{0EEE0584-E70C-4098-B96A-E5919CE6FA2C}.Debug|iPhone.Build.0 = Debug|Any CPU
		{0EEE0584-E70C-4098-B96A-E5919CE6FA2C}.Debug|iPhoneSimulator.ActiveCfg = Debug|Any CPU
		{0EEE0584-E70C-4098-B96A-E5919CE6FA2C}.Debug|iPhoneSimulator.Build.0 = Debug|Any CPU
		{0EEE0584-E70C-4098-B96A-E5919CE6FA2C}.Debug|x64.ActiveCfg = Debug|Any CPU
		{0EEE0584-E70C-4098-B96A-E5919CE6FA2C}.Debug|x64.Build.0 = Debug|Any CPU
		{0EEE0584-E70C-4098-B96A-E5919CE6FA2C}.Debug|x86.ActiveCfg = Debug|Any CPU
		{0EEE0584-E70C-4098-B96A-E5919CE6FA2C}.Debug|x86.Build.0 = Debug|Any CPU
		{0EEE0584-E70C-4098-B96A-E5919CE6FA2C}.Release|Any CPU.ActiveCfg = Release|Any CPU
		{0EEE0584-E70C-4098-B96A-E5919CE6FA2C}.Release|Any CPU.Build.0 = Release|Any CPU
		{0EEE0584-E70C-4098-B96A-E5919CE6FA2C}.Release|ARM.ActiveCfg = Release|Any CPU
		{0EEE0584-E70C-4098-B96A-E5919CE6FA2C}.Release|ARM.Build.0 = Release|Any CPU
		{0EEE0584-E70C-4098-B96A-E5919CE6FA2C}.Release|iPhone.ActiveCfg = Release|Any CPU
		{0EEE0584-E70C-4098-B96A-E5919CE6FA2C}.Release|iPhone.Build.0 = Release|Any CPU
		{0EEE0584-E70C-4098-B96A-E5919CE6FA2C}.Release|iPhoneSimulator.ActiveCfg = Release|Any CPU
		{0EEE0584-E70C-4098-B96A-E5919CE6FA2C}.Release|iPhoneSimulator.Build.0 = Release|Any CPU
		{0EEE0584-E70C-4098-B96A-E5919CE6FA2C}.Release|x64.ActiveCfg = Release|Any CPU
		{0EEE0584-E70C-4098-B96A-E5919CE6FA2C}.Release|x64.Build.0 = Release|Any CPU
		{0EEE0584-E70C-4098-B96A-E5919CE6FA2C}.Release|x86.ActiveCfg = Release|Any CPU
		{0EEE0584-E70C-4098-B96A-E5919CE6FA2C}.Release|x86.Build.0 = Release|Any CPU
		{EAC03D97-F322-4DF8-B08D-6518E4EB7579}.Ad-Hoc|Any CPU.ActiveCfg = Debug|Any CPU
		{EAC03D97-F322-4DF8-B08D-6518E4EB7579}.Ad-Hoc|Any CPU.Build.0 = Debug|Any CPU
		{EAC03D97-F322-4DF8-B08D-6518E4EB7579}.Ad-Hoc|ARM.ActiveCfg = Debug|Any CPU
		{EAC03D97-F322-4DF8-B08D-6518E4EB7579}.Ad-Hoc|ARM.Build.0 = Debug|Any CPU
		{EAC03D97-F322-4DF8-B08D-6518E4EB7579}.Ad-Hoc|iPhone.ActiveCfg = Debug|Any CPU
		{EAC03D97-F322-4DF8-B08D-6518E4EB7579}.Ad-Hoc|iPhone.Build.0 = Debug|Any CPU
		{EAC03D97-F322-4DF8-B08D-6518E4EB7579}.Ad-Hoc|iPhoneSimulator.ActiveCfg = Debug|Any CPU
		{EAC03D97-F322-4DF8-B08D-6518E4EB7579}.Ad-Hoc|iPhoneSimulator.Build.0 = Debug|Any CPU
		{EAC03D97-F322-4DF8-B08D-6518E4EB7579}.Ad-Hoc|x64.ActiveCfg = Debug|Any CPU
		{EAC03D97-F322-4DF8-B08D-6518E4EB7579}.Ad-Hoc|x64.Build.0 = Debug|Any CPU
		{EAC03D97-F322-4DF8-B08D-6518E4EB7579}.Ad-Hoc|x86.ActiveCfg = Debug|Any CPU
		{EAC03D97-F322-4DF8-B08D-6518E4EB7579}.Ad-Hoc|x86.Build.0 = Debug|Any CPU
		{EAC03D97-F322-4DF8-B08D-6518E4EB7579}.AppStore|Any CPU.ActiveCfg = Debug|Any CPU
		{EAC03D97-F322-4DF8-B08D-6518E4EB7579}.AppStore|Any CPU.Build.0 = Debug|Any CPU
		{EAC03D97-F322-4DF8-B08D-6518E4EB7579}.AppStore|ARM.ActiveCfg = Debug|Any CPU
		{EAC03D97-F322-4DF8-B08D-6518E4EB7579}.AppStore|ARM.Build.0 = Debug|Any CPU
		{EAC03D97-F322-4DF8-B08D-6518E4EB7579}.AppStore|iPhone.ActiveCfg = Debug|Any CPU
		{EAC03D97-F322-4DF8-B08D-6518E4EB7579}.AppStore|iPhone.Build.0 = Debug|Any CPU
		{EAC03D97-F322-4DF8-B08D-6518E4EB7579}.AppStore|iPhoneSimulator.ActiveCfg = Debug|Any CPU
		{EAC03D97-F322-4DF8-B08D-6518E4EB7579}.AppStore|iPhoneSimulator.Build.0 = Debug|Any CPU
		{EAC03D97-F322-4DF8-B08D-6518E4EB7579}.AppStore|x64.ActiveCfg = Debug|Any CPU
		{EAC03D97-F322-4DF8-B08D-6518E4EB7579}.AppStore|x64.Build.0 = Debug|Any CPU
		{EAC03D97-F322-4DF8-B08D-6518E4EB7579}.AppStore|x86.ActiveCfg = Debug|Any CPU
		{EAC03D97-F322-4DF8-B08D-6518E4EB7579}.AppStore|x86.Build.0 = Debug|Any CPU
		{EAC03D97-F322-4DF8-B08D-6518E4EB7579}.Debug|Any CPU.ActiveCfg = Debug|Any CPU
		{EAC03D97-F322-4DF8-B08D-6518E4EB7579}.Debug|Any CPU.Build.0 = Debug|Any CPU
		{EAC03D97-F322-4DF8-B08D-6518E4EB7579}.Debug|ARM.ActiveCfg = Debug|Any CPU
		{EAC03D97-F322-4DF8-B08D-6518E4EB7579}.Debug|ARM.Build.0 = Debug|Any CPU
		{EAC03D97-F322-4DF8-B08D-6518E4EB7579}.Debug|iPhone.ActiveCfg = Debug|Any CPU
		{EAC03D97-F322-4DF8-B08D-6518E4EB7579}.Debug|iPhone.Build.0 = Debug|Any CPU
		{EAC03D97-F322-4DF8-B08D-6518E4EB7579}.Debug|iPhoneSimulator.ActiveCfg = Debug|Any CPU
		{EAC03D97-F322-4DF8-B08D-6518E4EB7579}.Debug|iPhoneSimulator.Build.0 = Debug|Any CPU
		{EAC03D97-F322-4DF8-B08D-6518E4EB7579}.Debug|x64.ActiveCfg = Debug|Any CPU
		{EAC03D97-F322-4DF8-B08D-6518E4EB7579}.Debug|x64.Build.0 = Debug|Any CPU
		{EAC03D97-F322-4DF8-B08D-6518E4EB7579}.Debug|x86.ActiveCfg = Debug|Any CPU
		{EAC03D97-F322-4DF8-B08D-6518E4EB7579}.Debug|x86.Build.0 = Debug|Any CPU
		{EAC03D97-F322-4DF8-B08D-6518E4EB7579}.Release|Any CPU.ActiveCfg = Release|Any CPU
		{EAC03D97-F322-4DF8-B08D-6518E4EB7579}.Release|Any CPU.Build.0 = Release|Any CPU
		{EAC03D97-F322-4DF8-B08D-6518E4EB7579}.Release|ARM.ActiveCfg = Release|Any CPU
		{EAC03D97-F322-4DF8-B08D-6518E4EB7579}.Release|ARM.Build.0 = Release|Any CPU
		{EAC03D97-F322-4DF8-B08D-6518E4EB7579}.Release|iPhone.ActiveCfg = Release|Any CPU
		{EAC03D97-F322-4DF8-B08D-6518E4EB7579}.Release|iPhone.Build.0 = Release|Any CPU
		{EAC03D97-F322-4DF8-B08D-6518E4EB7579}.Release|iPhoneSimulator.ActiveCfg = Release|Any CPU
		{EAC03D97-F322-4DF8-B08D-6518E4EB7579}.Release|iPhoneSimulator.Build.0 = Release|Any CPU
		{EAC03D97-F322-4DF8-B08D-6518E4EB7579}.Release|x64.ActiveCfg = Release|Any CPU
		{EAC03D97-F322-4DF8-B08D-6518E4EB7579}.Release|x64.Build.0 = Release|Any CPU
		{EAC03D97-F322-4DF8-B08D-6518E4EB7579}.Release|x86.ActiveCfg = Release|Any CPU
		{EAC03D97-F322-4DF8-B08D-6518E4EB7579}.Release|x86.Build.0 = Release|Any CPU
	EndGlobalSection
	GlobalSection(SolutionProperties) = preSolution
		HideSolutionNode = FALSE
	EndGlobalSection
	GlobalSection(NestedProjects) = preSolution
		{DDE6AB89-1985-4BE5-A295-A7C9AB2F9A00} = {4B2D258B-6491-48CB-AE9C-A218639C2B5B}
		{EFE9A831-798F-47C0-A661-0FD6425ADBFF} = {4B2D258B-6491-48CB-AE9C-A218639C2B5B}
		{FBC1E560-7738-48B0-89F5-CD85C63BF443} = {58CBE5FA-8549-4A4B-BC3A-3233FF41A6CC}
		{D7DD55D6-5B71-41FA-BF7F-4FE1E540DB10} = {58CBE5FA-8549-4A4B-BC3A-3233FF41A6CC}
		{9AC3D14C-9417-4F99-B806-C9CA917223EF} = {FBC1E560-7738-48B0-89F5-CD85C63BF443}
		{8F5C41E3-7050-4B98-96F2-26F9EB5C8AE2} = {D7DD55D6-5B71-41FA-BF7F-4FE1E540DB10}
		{BDD616A5-4F11-4FB7-8DD0-98AFAB3B6E8A} = {334BDD14-AC03-47E3-8F15-27278A462E48}
		{0E8E8824-46C1-4FFD-B4EA-CEAFD3F84D56} = {334BDD14-AC03-47E3-8F15-27278A462E48}
		{817483F6-39BA-4AEC-AB37-6C36AD7E3787} = {FBC1E560-7738-48B0-89F5-CD85C63BF443}
		{938CAA7B-F198-4280-B250-E0929A23F0DC} = {8772A242-4523-43E3-984C-FAA64685ADA7}
		{0FB48CEE-92FA-4B2B-9E59-E69FCE042B20} = {D7DD55D6-5B71-41FA-BF7F-4FE1E540DB10}
		{04982109-73EE-45E0-A3EA-338800BC77A2} = {D7DD55D6-5B71-41FA-BF7F-4FE1E540DB10}
		{0B57A085-E532-4781-9926-53DD0ED69DE3} = {170954DF-4B7B-41DF-AE1D-505F259C044C}
		{19442023-8A6D-4CAA-875C-F676E4997829} = {F62DEDD8-E0C1-442C-A95F-5C784BF3A80B}
		{0EEE0584-E70C-4098-B96A-E5919CE6FA2C} = {334BDD14-AC03-47E3-8F15-27278A462E48}
		{EAC03D97-F322-4DF8-B08D-6518E4EB7579} = {D7DD55D6-5B71-41FA-BF7F-4FE1E540DB10}
	EndGlobalSection
	GlobalSection(ExtensibilityGlobals) = postSolution
		SolutionGuid = {86CB1218-B71C-4794-880B-21625007BEBD}
	EndGlobalSection
EndGlobal
