
Microsoft Visual Studio Solution File, Format Version 12.00
# Visual Studio 15
VisualStudioVersion = 15.0.28307.421
MinimumVisualStudioVersion = 10.0.40219.1
Project("{9A19103F-16F7-4668-BE54-9A1E7A4F7556}") = "iPlantino.Domain", "src\iPlantino.Domain\iPlantino.Domain.csproj", "{DDE6AB89-1985-4BE5-A295-A7C9AB2F9A00}"
EndProject
Project("{9A19103F-16F7-4668-BE54-9A1E7A4F7556}") = "iPlantino.Domain.Core", "src\iPlantino.Domain.Core\iPlantino.Domain.Core.csproj", "{EFE9A831-798F-47C0-A661-0FD6425ADBFF}"
EndProject
Project("{2150E333-8FDC-42A3-9474-1A3956D46DE8}") = "0 - Mobile", "0 - Mobile", "{334BDD14-AC03-47E3-8F15-27278A462E48}"
EndProject
Project("{2150E333-8FDC-42A3-9474-1A3956D46DE8}") = "1 - Services", "1 - Services", "{F62DEDD8-E0C1-442C-A95F-5C784BF3A80B}"
EndProject
Project("{2150E333-8FDC-42A3-9474-1A3956D46DE8}") = "2 - Domain", "2 - Domain", "{4B2D258B-6491-48CB-AE9C-A218639C2B5B}"
EndProject
Project("{2150E333-8FDC-42A3-9474-1A3956D46DE8}") = "3 - Infra", "3 - Infra", "{58CBE5FA-8549-4A4B-BC3A-3233FF41A6CC}"
EndProject
Project("{2150E333-8FDC-42A3-9474-1A3956D46DE8}") = "4 - Authentication", "4 - Authentication", "{8772A242-4523-43E3-984C-FAA64685ADA7}"
EndProject
Project("{2150E333-8FDC-42A3-9474-1A3956D46DE8}") = "X - Tools", "X - Tools", "{170954DF-4B7B-41DF-AE1D-505F259C044C}"
EndProject
Project("{2150E333-8FDC-42A3-9474-1A3956D46DE8}") = "3.1 - Data", "3.1 - Data", "{FBC1E560-7738-48B0-89F5-CD85C63BF443}"
EndProject
Project("{2150E333-8FDC-42A3-9474-1A3956D46DE8}") = "3.2 - CrossCutting", "3.2 - CrossCutting", "{D7DD55D6-5B71-41FA-BF7F-4FE1E540DB10}"
EndProject
Project("{9A19103F-16F7-4668-BE54-9A1E7A4F7556}") = "iPlantino.Infra.UnitOfWork", "src\iPlantino.Infra.UnitOfWork\iPlantino.Infra.UnitOfWork.csproj", "{9AC3D14C-9417-4F99-B806-C9CA917223EF}"
EndProject
Project("{9A19103F-16F7-4668-BE54-9A1E7A4F7556}") = "iPlantino.Infra.CrossCutting.Bus", "src\iPlantino.Infra.CrossCutting.Bus\iPlantino.Infra.CrossCutting.Bus.csproj", "{8F5C41E3-7050-4B98-96F2-26F9EB5C8AE2}"
EndProject
Project("{FAE04EC0-301F-11D3-BF4B-00C04F79EFBC}") = "iPlantino.Mobile.Android", "src\iPlantino.Mobile\iPlantino.Mobile.Android\iPlantino.Mobile.Android.csproj", "{1D6E722F-9B34-413F-843B-44CA298930E9}"
EndProject
Project("{FAE04EC0-301F-11D3-BF4B-00C04F79EFBC}") = "iPlantino.Mobile.iOS", "src\iPlantino.Mobile\iPlantino.Mobile.iOS\iPlantino.Mobile.iOS.csproj", "{195DD212-B5C7-499B-87EC-363047EB5885}"
EndProject
Project("{9A19103F-16F7-4668-BE54-9A1E7A4F7556}") = "iPlantino.Mobile", "src\iPlantino.Mobile\iPlantino.Mobile\iPlantino.Mobile.csproj", "{49CC7709-F259-4CB9-A5B7-CECA164B11C9}"
EndProject
Project("{FAE04EC0-301F-11D3-BF4B-00C04F79EFBC}") = "iPlantino.Infra.Data", "src\iPlantino.Infra.Data\iPlantino.Infra.Data.csproj", "{817483F6-39BA-4AEC-AB37-6C36AD7E3787}"
EndProject
Global
	GlobalSection(SolutionConfigurationPlatforms) = preSolution
		Ad-Hoc|Any CPU = Ad-Hoc|Any CPU
		Ad-Hoc|ARM = Ad-Hoc|ARM
		Ad-Hoc|iPhone = Ad-Hoc|iPhone
		Ad-Hoc|iPhoneSimulator = Ad-Hoc|iPhoneSimulator
		Ad-Hoc|x64 = Ad-Hoc|x64
		Ad-Hoc|x86 = Ad-Hoc|x86
		AppStore|Any CPU = AppStore|Any CPU
		AppStore|ARM = AppStore|ARM
		AppStore|iPhone = AppStore|iPhone
		AppStore|iPhoneSimulator = AppStore|iPhoneSimulator
		AppStore|x64 = AppStore|x64
		AppStore|x86 = AppStore|x86
		Debug|Any CPU = Debug|Any CPU
		Debug|ARM = Debug|ARM
		Debug|iPhone = Debug|iPhone
		Debug|iPhoneSimulator = Debug|iPhoneSimulator
		Debug|x64 = Debug|x64
		Debug|x86 = Debug|x86
		Release|Any CPU = Release|Any CPU
		Release|ARM = Release|ARM
		Release|iPhone = Release|iPhone
		Release|iPhoneSimulator = Release|iPhoneSimulator
		Release|x64 = Release|x64
		Release|x86 = Release|x86
	EndGlobalSection
	GlobalSection(ProjectConfigurationPlatforms) = postSolution
		{DDE6AB89-1985-4BE5-A295-A7C9AB2F9A00}.Ad-Hoc|Any CPU.ActiveCfg = Release|Any CPU
		{DDE6AB89-1985-4BE5-A295-A7C9AB2F9A00}.Ad-Hoc|Any CPU.Build.0 = Release|Any CPU
		{DDE6AB89-1985-4BE5-A295-A7C9AB2F9A00}.Ad-Hoc|ARM.ActiveCfg = Release|Any CPU
		{DDE6AB89-1985-4BE5-A295-A7C9AB2F9A00}.Ad-Hoc|ARM.Build.0 = Release|Any CPU
		{DDE6AB89-1985-4BE5-A295-A7C9AB2F9A00}.Ad-Hoc|iPhone.ActiveCfg = Release|Any CPU
		{DDE6AB89-1985-4BE5-A295-A7C9AB2F9A00}.Ad-Hoc|iPhone.Build.0 = Release|Any CPU
		{DDE6AB89-1985-4BE5-A295-A7C9AB2F9A00}.Ad-Hoc|iPhoneSimulator.ActiveCfg = Release|Any CPU
		{DDE6AB89-1985-4BE5-A295-A7C9AB2F9A00}.Ad-Hoc|iPhoneSimulator.Build.0 = Release|Any CPU
		{DDE6AB89-1985-4BE5-A295-A7C9AB2F9A00}.Ad-Hoc|x64.ActiveCfg = Release|Any CPU
		{DDE6AB89-1985-4BE5-A295-A7C9AB2F9A00}.Ad-Hoc|x64.Build.0 = Release|Any CPU
		{DDE6AB89-1985-4BE5-A295-A7C9AB2F9A00}.Ad-Hoc|x86.ActiveCfg = Release|Any CPU
		{DDE6AB89-1985-4BE5-A295-A7C9AB2F9A00}.Ad-Hoc|x86.Build.0 = Release|Any CPU
		{DDE6AB89-1985-4BE5-A295-A7C9AB2F9A00}.AppStore|Any CPU.ActiveCfg = Release|Any CPU
		{DDE6AB89-1985-4BE5-A295-A7C9AB2F9A00}.AppStore|Any CPU.Build.0 = Release|Any CPU
		{DDE6AB89-1985-4BE5-A295-A7C9AB2F9A00}.AppStore|ARM.ActiveCfg = Release|Any CPU
		{DDE6AB89-1985-4BE5-A295-A7C9AB2F9A00}.AppStore|ARM.Build.0 = Release|Any CPU
		{DDE6AB89-1985-4BE5-A295-A7C9AB2F9A00}.AppStore|iPhone.ActiveCfg = Release|Any CPU
		{DDE6AB89-1985-4BE5-A295-A7C9AB2F9A00}.AppStore|iPhone.Build.0 = Release|Any CPU
		{DDE6AB89-1985-4BE5-A295-A7C9AB2F9A00}.AppStore|iPhoneSimulator.ActiveCfg = Release|Any CPU
		{DDE6AB89-1985-4BE5-A295-A7C9AB2F9A00}.AppStore|iPhoneSimulator.Build.0 = Release|Any CPU
		{DDE6AB89-1985-4BE5-A295-A7C9AB2F9A00}.AppStore|x64.ActiveCfg = Release|Any CPU
		{DDE6AB89-1985-4BE5-A295-A7C9AB2F9A00}.AppStore|x64.Build.0 = Release|Any CPU
		{DDE6AB89-1985-4BE5-A295-A7C9AB2F9A00}.AppStore|x86.ActiveCfg = Release|Any CPU
		{DDE6AB89-1985-4BE5-A295-A7C9AB2F9A00}.AppStore|x86.Build.0 = Release|Any CPU
		{DDE6AB89-1985-4BE5-A295-A7C9AB2F9A00}.Debug|Any CPU.ActiveCfg = Debug|Any CPU
		{DDE6AB89-1985-4BE5-A295-A7C9AB2F9A00}.Debug|Any CPU.Build.0 = Debug|Any CPU
		{DDE6AB89-1985-4BE5-A295-A7C9AB2F9A00}.Debug|ARM.ActiveCfg = Debug|Any CPU
		{DDE6AB89-1985-4BE5-A295-A7C9AB2F9A00}.Debug|ARM.Build.0 = Debug|Any CPU
		{DDE6AB89-1985-4BE5-A295-A7C9AB2F9A00}.Debug|iPhone.ActiveCfg = Debug|Any CPU
		{DDE6AB89-1985-4BE5-A295-A7C9AB2F9A00}.Debug|iPhone.Build.0 = Debug|Any CPU
		{DDE6AB89-1985-4BE5-A295-A7C9AB2F9A00}.Debug|iPhoneSimulator.ActiveCfg = Debug|Any CPU
		{DDE6AB89-1985-4BE5-A295-A7C9AB2F9A00}.Debug|iPhoneSimulator.Build.0 = Debug|Any CPU
		{DDE6AB89-1985-4BE5-A295-A7C9AB2F9A00}.Debug|x64.ActiveCfg = Debug|Any CPU
		{DDE6AB89-1985-4BE5-A295-A7C9AB2F9A00}.Debug|x64.Build.0 = Debug|Any CPU
		{DDE6AB89-1985-4BE5-A295-A7C9AB2F9A00}.Debug|x86.ActiveCfg = Debug|Any CPU
		{DDE6AB89-1985-4BE5-A295-A7C9AB2F9A00}.Debug|x86.Build.0 = Debug|Any CPU
		{DDE6AB89-1985-4BE5-A295-A7C9AB2F9A00}.Release|Any CPU.ActiveCfg = Release|Any CPU
		{DDE6AB89-1985-4BE5-A295-A7C9AB2F9A00}.Release|Any CPU.Build.0 = Release|Any CPU
		{DDE6AB89-1985-4BE5-A295-A7C9AB2F9A00}.Release|ARM.ActiveCfg = Release|Any CPU
		{DDE6AB89-1985-4BE5-A295-A7C9AB2F9A00}.Release|ARM.Build.0 = Release|Any CPU
		{DDE6AB89-1985-4BE5-A295-A7C9AB2F9A00}.Release|iPhone.ActiveCfg = Release|Any CPU
		{DDE6AB89-1985-4BE5-A295-A7C9AB2F9A00}.Release|iPhone.Build.0 = Release|Any CPU
		{DDE6AB89-1985-4BE5-A295-A7C9AB2F9A00}.Release|iPhoneSimulator.ActiveCfg = Release|Any CPU
		{DDE6AB89-1985-4BE5-A295-A7C9AB2F9A00}.Release|iPhoneSimulator.Build.0 = Release|Any CPU
		{DDE6AB89-1985-4BE5-A295-A7C9AB2F9A00}.Release|x64.ActiveCfg = Release|Any CPU
		{DDE6AB89-1985-4BE5-A295-A7C9AB2F9A00}.Release|x64.Build.0 = Release|Any CPU
		{DDE6AB89-1985-4BE5-A295-A7C9AB2F9A00}.Release|x86.ActiveCfg = Release|Any CPU
		{DDE6AB89-1985-4BE5-A295-A7C9AB2F9A00}.Release|x86.Build.0 = Release|Any CPU
		{EFE9A831-798F-47C0-A661-0FD6425ADBFF}.Ad-Hoc|Any CPU.ActiveCfg = Release|Any CPU
		{EFE9A831-798F-47C0-A661-0FD6425ADBFF}.Ad-Hoc|Any CPU.Build.0 = Release|Any CPU
		{EFE9A831-798F-47C0-A661-0FD6425ADBFF}.Ad-Hoc|ARM.ActiveCfg = Release|Any CPU
		{EFE9A831-798F-47C0-A661-0FD6425ADBFF}.Ad-Hoc|ARM.Build.0 = Release|Any CPU
		{EFE9A831-798F-47C0-A661-0FD6425ADBFF}.Ad-Hoc|iPhone.ActiveCfg = Release|Any CPU
		{EFE9A831-798F-47C0-A661-0FD6425ADBFF}.Ad-Hoc|iPhone.Build.0 = Release|Any CPU
		{EFE9A831-798F-47C0-A661-0FD6425ADBFF}.Ad-Hoc|iPhoneSimulator.ActiveCfg = Release|Any CPU
		{EFE9A831-798F-47C0-A661-0FD6425ADBFF}.Ad-Hoc|iPhoneSimulator.Build.0 = Release|Any CPU
		{EFE9A831-798F-47C0-A661-0FD6425ADBFF}.Ad-Hoc|x64.ActiveCfg = Release|Any CPU
		{EFE9A831-798F-47C0-A661-0FD6425ADBFF}.Ad-Hoc|x64.Build.0 = Release|Any CPU
		{EFE9A831-798F-47C0-A661-0FD6425ADBFF}.Ad-Hoc|x86.ActiveCfg = Release|Any CPU
		{EFE9A831-798F-47C0-A661-0FD6425ADBFF}.Ad-Hoc|x86.Build.0 = Release|Any CPU
		{EFE9A831-798F-47C0-A661-0FD6425ADBFF}.AppStore|Any CPU.ActiveCfg = Release|Any CPU
		{EFE9A831-798F-47C0-A661-0FD6425ADBFF}.AppStore|Any CPU.Build.0 = Release|Any CPU
		{EFE9A831-798F-47C0-A661-0FD6425ADBFF}.AppStore|ARM.ActiveCfg = Release|Any CPU
		{EFE9A831-798F-47C0-A661-0FD6425ADBFF}.AppStore|ARM.Build.0 = Release|Any CPU
		{EFE9A831-798F-47C0-A661-0FD6425ADBFF}.AppStore|iPhone.ActiveCfg = Release|Any CPU
		{EFE9A831-798F-47C0-A661-0FD6425ADBFF}.AppStore|iPhone.Build.0 = Release|Any CPU
		{EFE9A831-798F-47C0-A661-0FD6425ADBFF}.AppStore|iPhoneSimulator.ActiveCfg = Release|Any CPU
		{EFE9A831-798F-47C0-A661-0FD6425ADBFF}.AppStore|iPhoneSimulator.Build.0 = Release|Any CPU
		{EFE9A831-798F-47C0-A661-0FD6425ADBFF}.AppStore|x64.ActiveCfg = Release|Any CPU
		{EFE9A831-798F-47C0-A661-0FD6425ADBFF}.AppStore|x64.Build.0 = Release|Any CPU
		{EFE9A831-798F-47C0-A661-0FD6425ADBFF}.AppStore|x86.ActiveCfg = Release|Any CPU
		{EFE9A831-798F-47C0-A661-0FD6425ADBFF}.AppStore|x86.Build.0 = Release|Any CPU
		{EFE9A831-798F-47C0-A661-0FD6425ADBFF}.Debug|Any CPU.ActiveCfg = Debug|Any CPU
		{EFE9A831-798F-47C0-A661-0FD6425ADBFF}.Debug|Any CPU.Build.0 = Debug|Any CPU
		{EFE9A831-798F-47C0-A661-0FD6425ADBFF}.Debug|ARM.ActiveCfg = Debug|Any CPU
		{EFE9A831-798F-47C0-A661-0FD6425ADBFF}.Debug|ARM.Build.0 = Debug|Any CPU
		{EFE9A831-798F-47C0-A661-0FD6425ADBFF}.Debug|iPhone.ActiveCfg = Debug|Any CPU
		{EFE9A831-798F-47C0-A661-0FD6425ADBFF}.Debug|iPhone.Build.0 = Debug|Any CPU
		{EFE9A831-798F-47C0-A661-0FD6425ADBFF}.Debug|iPhoneSimulator.ActiveCfg = Debug|Any CPU
		{EFE9A831-798F-47C0-A661-0FD6425ADBFF}.Debug|iPhoneSimulator.Build.0 = Debug|Any CPU
		{EFE9A831-798F-47C0-A661-0FD6425ADBFF}.Debug|x64.ActiveCfg = Debug|Any CPU
		{EFE9A831-798F-47C0-A661-0FD6425ADBFF}.Debug|x64.Build.0 = Debug|Any CPU
		{EFE9A831-798F-47C0-A661-0FD6425ADBFF}.Debug|x86.ActiveCfg = Debug|Any CPU
		{EFE9A831-798F-47C0-A661-0FD6425ADBFF}.Debug|x86.Build.0 = Debug|Any CPU
		{EFE9A831-798F-47C0-A661-0FD6425ADBFF}.Release|Any CPU.ActiveCfg = Release|Any CPU
		{EFE9A831-798F-47C0-A661-0FD6425ADBFF}.Release|Any CPU.Build.0 = Release|Any CPU
		{EFE9A831-798F-47C0-A661-0FD6425ADBFF}.Release|ARM.ActiveCfg = Release|Any CPU
		{EFE9A831-798F-47C0-A661-0FD6425ADBFF}.Release|ARM.Build.0 = Release|Any CPU
		{EFE9A831-798F-47C0-A661-0FD6425ADBFF}.Release|iPhone.ActiveCfg = Release|Any CPU
		{EFE9A831-798F-47C0-A661-0FD6425ADBFF}.Release|iPhone.Build.0 = Release|Any CPU
		{EFE9A831-798F-47C0-A661-0FD6425ADBFF}.Release|iPhoneSimulator.ActiveCfg = Release|Any CPU
		{EFE9A831-798F-47C0-A661-0FD6425ADBFF}.Release|iPhoneSimulator.Build.0 = Release|Any CPU
		{EFE9A831-798F-47C0-A661-0FD6425ADBFF}.Release|x64.ActiveCfg = Release|Any CPU
		{EFE9A831-798F-47C0-A661-0FD6425ADBFF}.Release|x64.Build.0 = Release|Any CPU
		{EFE9A831-798F-47C0-A661-0FD6425ADBFF}.Release|x86.ActiveCfg = Release|Any CPU
		{EFE9A831-798F-47C0-A661-0FD6425ADBFF}.Release|x86.Build.0 = Release|Any CPU
		{9AC3D14C-9417-4F99-B806-C9CA917223EF}.Ad-Hoc|Any CPU.ActiveCfg = Release|Any CPU
		{9AC3D14C-9417-4F99-B806-C9CA917223EF}.Ad-Hoc|Any CPU.Build.0 = Release|Any CPU
		{9AC3D14C-9417-4F99-B806-C9CA917223EF}.Ad-Hoc|ARM.ActiveCfg = Release|Any CPU
		{9AC3D14C-9417-4F99-B806-C9CA917223EF}.Ad-Hoc|ARM.Build.0 = Release|Any CPU
		{9AC3D14C-9417-4F99-B806-C9CA917223EF}.Ad-Hoc|iPhone.ActiveCfg = Release|Any CPU
		{9AC3D14C-9417-4F99-B806-C9CA917223EF}.Ad-Hoc|iPhone.Build.0 = Release|Any CPU
		{9AC3D14C-9417-4F99-B806-C9CA917223EF}.Ad-Hoc|iPhoneSimulator.ActiveCfg = Release|Any CPU
		{9AC3D14C-9417-4F99-B806-C9CA917223EF}.Ad-Hoc|iPhoneSimulator.Build.0 = Release|Any CPU
		{9AC3D14C-9417-4F99-B806-C9CA917223EF}.Ad-Hoc|x64.ActiveCfg = Release|Any CPU
		{9AC3D14C-9417-4F99-B806-C9CA917223EF}.Ad-Hoc|x64.Build.0 = Release|Any CPU
		{9AC3D14C-9417-4F99-B806-C9CA917223EF}.Ad-Hoc|x86.ActiveCfg = Release|Any CPU
		{9AC3D14C-9417-4F99-B806-C9CA917223EF}.Ad-Hoc|x86.Build.0 = Release|Any CPU
		{9AC3D14C-9417-4F99-B806-C9CA917223EF}.AppStore|Any CPU.ActiveCfg = Release|Any CPU
		{9AC3D14C-9417-4F99-B806-C9CA917223EF}.AppStore|Any CPU.Build.0 = Release|Any CPU
		{9AC3D14C-9417-4F99-B806-C9CA917223EF}.AppStore|ARM.ActiveCfg = Release|Any CPU
		{9AC3D14C-9417-4F99-B806-C9CA917223EF}.AppStore|ARM.Build.0 = Release|Any CPU
		{9AC3D14C-9417-4F99-B806-C9CA917223EF}.AppStore|iPhone.ActiveCfg = Release|Any CPU
		{9AC3D14C-9417-4F99-B806-C9CA917223EF}.AppStore|iPhone.Build.0 = Release|Any CPU
		{9AC3D14C-9417-4F99-B806-C9CA917223EF}.AppStore|iPhoneSimulator.ActiveCfg = Release|Any CPU
		{9AC3D14C-9417-4F99-B806-C9CA917223EF}.AppStore|iPhoneSimulator.Build.0 = Release|Any CPU
		{9AC3D14C-9417-4F99-B806-C9CA917223EF}.AppStore|x64.ActiveCfg = Release|Any CPU
		{9AC3D14C-9417-4F99-B806-C9CA917223EF}.AppStore|x64.Build.0 = Release|Any CPU
		{9AC3D14C-9417-4F99-B806-C9CA917223EF}.AppStore|x86.ActiveCfg = Release|Any CPU
		{9AC3D14C-9417-4F99-B806-C9CA917223EF}.AppStore|x86.Build.0 = Release|Any CPU
		{9AC3D14C-9417-4F99-B806-C9CA917223EF}.Debug|Any CPU.ActiveCfg = Debug|Any CPU
		{9AC3D14C-9417-4F99-B806-C9CA917223EF}.Debug|Any CPU.Build.0 = Debug|Any CPU
		{9AC3D14C-9417-4F99-B806-C9CA917223EF}.Debug|ARM.ActiveCfg = Debug|Any CPU
		{9AC3D14C-9417-4F99-B806-C9CA917223EF}.Debug|ARM.Build.0 = Debug|Any CPU
		{9AC3D14C-9417-4F99-B806-C9CA917223EF}.Debug|iPhone.ActiveCfg = Debug|Any CPU
		{9AC3D14C-9417-4F99-B806-C9CA917223EF}.Debug|iPhone.Build.0 = Debug|Any CPU
		{9AC3D14C-9417-4F99-B806-C9CA917223EF}.Debug|iPhoneSimulator.ActiveCfg = Debug|Any CPU
		{9AC3D14C-9417-4F99-B806-C9CA917223EF}.Debug|iPhoneSimulator.Build.0 = Debug|Any CPU
		{9AC3D14C-9417-4F99-B806-C9CA917223EF}.Debug|x64.ActiveCfg = Debug|Any CPU
		{9AC3D14C-9417-4F99-B806-C9CA917223EF}.Debug|x64.Build.0 = Debug|Any CPU
		{9AC3D14C-9417-4F99-B806-C9CA917223EF}.Debug|x86.ActiveCfg = Debug|Any CPU
		{9AC3D14C-9417-4F99-B806-C9CA917223EF}.Debug|x86.Build.0 = Debug|Any CPU
		{9AC3D14C-9417-4F99-B806-C9CA917223EF}.Release|Any CPU.ActiveCfg = Release|Any CPU
		{9AC3D14C-9417-4F99-B806-C9CA917223EF}.Release|Any CPU.Build.0 = Release|Any CPU
		{9AC3D14C-9417-4F99-B806-C9CA917223EF}.Release|ARM.ActiveCfg = Release|Any CPU
		{9AC3D14C-9417-4F99-B806-C9CA917223EF}.Release|ARM.Build.0 = Release|Any CPU
		{9AC3D14C-9417-4F99-B806-C9CA917223EF}.Release|iPhone.ActiveCfg = Release|Any CPU
		{9AC3D14C-9417-4F99-B806-C9CA917223EF}.Release|iPhone.Build.0 = Release|Any CPU
		{9AC3D14C-9417-4F99-B806-C9CA917223EF}.Release|iPhoneSimulator.ActiveCfg = Release|Any CPU
		{9AC3D14C-9417-4F99-B806-C9CA917223EF}.Release|iPhoneSimulator.Build.0 = Release|Any CPU
		{9AC3D14C-9417-4F99-B806-C9CA917223EF}.Release|x64.ActiveCfg = Release|Any CPU
		{9AC3D14C-9417-4F99-B806-C9CA917223EF}.Release|x64.Build.0 = Release|Any CPU
		{9AC3D14C-9417-4F99-B806-C9CA917223EF}.Release|x86.ActiveCfg = Release|Any CPU
		{9AC3D14C-9417-4F99-B806-C9CA917223EF}.Release|x86.Build.0 = Release|Any CPU
		{8F5C41E3-7050-4B98-96F2-26F9EB5C8AE2}.Ad-Hoc|Any CPU.ActiveCfg = Release|Any CPU
		{8F5C41E3-7050-4B98-96F2-26F9EB5C8AE2}.Ad-Hoc|Any CPU.Build.0 = Release|Any CPU
		{8F5C41E3-7050-4B98-96F2-26F9EB5C8AE2}.Ad-Hoc|ARM.ActiveCfg = Release|Any CPU
		{8F5C41E3-7050-4B98-96F2-26F9EB5C8AE2}.Ad-Hoc|ARM.Build.0 = Release|Any CPU
		{8F5C41E3-7050-4B98-96F2-26F9EB5C8AE2}.Ad-Hoc|iPhone.ActiveCfg = Release|Any CPU
		{8F5C41E3-7050-4B98-96F2-26F9EB5C8AE2}.Ad-Hoc|iPhone.Build.0 = Release|Any CPU
		{8F5C41E3-7050-4B98-96F2-26F9EB5C8AE2}.Ad-Hoc|iPhoneSimulator.ActiveCfg = Release|Any CPU
		{8F5C41E3-7050-4B98-96F2-26F9EB5C8AE2}.Ad-Hoc|iPhoneSimulator.Build.0 = Release|Any CPU
		{8F5C41E3-7050-4B98-96F2-26F9EB5C8AE2}.Ad-Hoc|x64.ActiveCfg = Release|Any CPU
		{8F5C41E3-7050-4B98-96F2-26F9EB5C8AE2}.Ad-Hoc|x64.Build.0 = Release|Any CPU
		{8F5C41E3-7050-4B98-96F2-26F9EB5C8AE2}.Ad-Hoc|x86.ActiveCfg = Release|Any CPU
		{8F5C41E3-7050-4B98-96F2-26F9EB5C8AE2}.Ad-Hoc|x86.Build.0 = Release|Any CPU
		{8F5C41E3-7050-4B98-96F2-26F9EB5C8AE2}.AppStore|Any CPU.ActiveCfg = Release|Any CPU
		{8F5C41E3-7050-4B98-96F2-26F9EB5C8AE2}.AppStore|Any CPU.Build.0 = Release|Any CPU
		{8F5C41E3-7050-4B98-96F2-26F9EB5C8AE2}.AppStore|ARM.ActiveCfg = Release|Any CPU
		{8F5C41E3-7050-4B98-96F2-26F9EB5C8AE2}.AppStore|ARM.Build.0 = Release|Any CPU
		{8F5C41E3-7050-4B98-96F2-26F9EB5C8AE2}.AppStore|iPhone.ActiveCfg = Release|Any CPU
		{8F5C41E3-7050-4B98-96F2-26F9EB5C8AE2}.AppStore|iPhone.Build.0 = Release|Any CPU
		{8F5C41E3-7050-4B98-96F2-26F9EB5C8AE2}.AppStore|iPhoneSimulator.ActiveCfg = Release|Any CPU
		{8F5C41E3-7050-4B98-96F2-26F9EB5C8AE2}.AppStore|iPhoneSimulator.Build.0 = Release|Any CPU
		{8F5C41E3-7050-4B98-96F2-26F9EB5C8AE2}.AppStore|x64.ActiveCfg = Release|Any CPU
		{8F5C41E3-7050-4B98-96F2-26F9EB5C8AE2}.AppStore|x64.Build.0 = Release|Any CPU
		{8F5C41E3-7050-4B98-96F2-26F9EB5C8AE2}.AppStore|x86.ActiveCfg = Release|Any CPU
		{8F5C41E3-7050-4B98-96F2-26F9EB5C8AE2}.AppStore|x86.Build.0 = Release|Any CPU
		{8F5C41E3-7050-4B98-96F2-26F9EB5C8AE2}.Debug|Any CPU.ActiveCfg = Debug|Any CPU
		{8F5C41E3-7050-4B98-96F2-26F9EB5C8AE2}.Debug|Any CPU.Build.0 = Debug|Any CPU
		{8F5C41E3-7050-4B98-96F2-26F9EB5C8AE2}.Debug|ARM.ActiveCfg = Debug|Any CPU
		{8F5C41E3-7050-4B98-96F2-26F9EB5C8AE2}.Debug|ARM.Build.0 = Debug|Any CPU
		{8F5C41E3-7050-4B98-96F2-26F9EB5C8AE2}.Debug|iPhone.ActiveCfg = Debug|Any CPU
		{8F5C41E3-7050-4B98-96F2-26F9EB5C8AE2}.Debug|iPhone.Build.0 = Debug|Any CPU
		{8F5C41E3-7050-4B98-96F2-26F9EB5C8AE2}.Debug|iPhoneSimulator.ActiveCfg = Debug|Any CPU
		{8F5C41E3-7050-4B98-96F2-26F9EB5C8AE2}.Debug|iPhoneSimulator.Build.0 = Debug|Any CPU
		{8F5C41E3-7050-4B98-96F2-26F9EB5C8AE2}.Debug|x64.ActiveCfg = Debug|Any CPU
		{8F5C41E3-7050-4B98-96F2-26F9EB5C8AE2}.Debug|x64.Build.0 = Debug|Any CPU
		{8F5C41E3-7050-4B98-96F2-26F9EB5C8AE2}.Debug|x86.ActiveCfg = Debug|Any CPU
		{8F5C41E3-7050-4B98-96F2-26F9EB5C8AE2}.Debug|x86.Build.0 = Debug|Any CPU
		{8F5C41E3-7050-4B98-96F2-26F9EB5C8AE2}.Release|Any CPU.ActiveCfg = Release|Any CPU
		{8F5C41E3-7050-4B98-96F2-26F9EB5C8AE2}.Release|Any CPU.Build.0 = Release|Any CPU
		{8F5C41E3-7050-4B98-96F2-26F9EB5C8AE2}.Release|ARM.ActiveCfg = Release|Any CPU
		{8F5C41E3-7050-4B98-96F2-26F9EB5C8AE2}.Release|ARM.Build.0 = Release|Any CPU
		{8F5C41E3-7050-4B98-96F2-26F9EB5C8AE2}.Release|iPhone.ActiveCfg = Release|Any CPU
		{8F5C41E3-7050-4B98-96F2-26F9EB5C8AE2}.Release|iPhone.Build.0 = Release|Any CPU
		{8F5C41E3-7050-4B98-96F2-26F9EB5C8AE2}.Release|iPhoneSimulator.ActiveCfg = Release|Any CPU
		{8F5C41E3-7050-4B98-96F2-26F9EB5C8AE2}.Release|iPhoneSimulator.Build.0 = Release|Any CPU
		{8F5C41E3-7050-4B98-96F2-26F9EB5C8AE2}.Release|x64.ActiveCfg = Release|Any CPU
		{8F5C41E3-7050-4B98-96F2-26F9EB5C8AE2}.Release|x64.Build.0 = Release|Any CPU
		{8F5C41E3-7050-4B98-96F2-26F9EB5C8AE2}.Release|x86.ActiveCfg = Release|Any CPU
		{8F5C41E3-7050-4B98-96F2-26F9EB5C8AE2}.Release|x86.Build.0 = Release|Any CPU
		{1D6E722F-9B34-413F-843B-44CA298930E9}.Ad-Hoc|Any CPU.ActiveCfg = Release|Any CPU
		{1D6E722F-9B34-413F-843B-44CA298930E9}.Ad-Hoc|Any CPU.Build.0 = Release|Any CPU
		{1D6E722F-9B34-413F-843B-44CA298930E9}.Ad-Hoc|Any CPU.Deploy.0 = Release|Any CPU
		{1D6E722F-9B34-413F-843B-44CA298930E9}.Ad-Hoc|ARM.ActiveCfg = Release|Any CPU
		{1D6E722F-9B34-413F-843B-44CA298930E9}.Ad-Hoc|ARM.Build.0 = Release|Any CPU
		{1D6E722F-9B34-413F-843B-44CA298930E9}.Ad-Hoc|ARM.Deploy.0 = Release|Any CPU
		{1D6E722F-9B34-413F-843B-44CA298930E9}.Ad-Hoc|iPhone.ActiveCfg = Release|Any CPU
		{1D6E722F-9B34-413F-843B-44CA298930E9}.Ad-Hoc|iPhone.Build.0 = Release|Any CPU
		{1D6E722F-9B34-413F-843B-44CA298930E9}.Ad-Hoc|iPhone.Deploy.0 = Release|Any CPU
		{1D6E722F-9B34-413F-843B-44CA298930E9}.Ad-Hoc|iPhoneSimulator.ActiveCfg = Release|Any CPU
		{1D6E722F-9B34-413F-843B-44CA298930E9}.Ad-Hoc|iPhoneSimulator.Build.0 = Release|Any CPU
		{1D6E722F-9B34-413F-843B-44CA298930E9}.Ad-Hoc|iPhoneSimulator.Deploy.0 = Release|Any CPU
		{1D6E722F-9B34-413F-843B-44CA298930E9}.Ad-Hoc|x64.ActiveCfg = Release|Any CPU
		{1D6E722F-9B34-413F-843B-44CA298930E9}.Ad-Hoc|x64.Build.0 = Release|Any CPU
		{1D6E722F-9B34-413F-843B-44CA298930E9}.Ad-Hoc|x64.Deploy.0 = Release|Any CPU
		{1D6E722F-9B34-413F-843B-44CA298930E9}.Ad-Hoc|x86.ActiveCfg = Release|Any CPU
		{1D6E722F-9B34-413F-843B-44CA298930E9}.Ad-Hoc|x86.Build.0 = Release|Any CPU
		{1D6E722F-9B34-413F-843B-44CA298930E9}.Ad-Hoc|x86.Deploy.0 = Release|Any CPU
		{1D6E722F-9B34-413F-843B-44CA298930E9}.AppStore|Any CPU.ActiveCfg = Release|Any CPU
		{1D6E722F-9B34-413F-843B-44CA298930E9}.AppStore|Any CPU.Build.0 = Release|Any CPU
		{1D6E722F-9B34-413F-843B-44CA298930E9}.AppStore|Any CPU.Deploy.0 = Release|Any CPU
		{1D6E722F-9B34-413F-843B-44CA298930E9}.AppStore|ARM.ActiveCfg = Release|Any CPU
		{1D6E722F-9B34-413F-843B-44CA298930E9}.AppStore|ARM.Build.0 = Release|Any CPU
		{1D6E722F-9B34-413F-843B-44CA298930E9}.AppStore|ARM.Deploy.0 = Release|Any CPU
		{1D6E722F-9B34-413F-843B-44CA298930E9}.AppStore|iPhone.ActiveCfg = Release|Any CPU
		{1D6E722F-9B34-413F-843B-44CA298930E9}.AppStore|iPhone.Build.0 = Release|Any CPU
		{1D6E722F-9B34-413F-843B-44CA298930E9}.AppStore|iPhone.Deploy.0 = Release|Any CPU
		{1D6E722F-9B34-413F-843B-44CA298930E9}.AppStore|iPhoneSimulator.ActiveCfg = Release|Any CPU
		{1D6E722F-9B34-413F-843B-44CA298930E9}.AppStore|iPhoneSimulator.Build.0 = Release|Any CPU
		{1D6E722F-9B34-413F-843B-44CA298930E9}.AppStore|iPhoneSimulator.Deploy.0 = Release|Any CPU
		{1D6E722F-9B34-413F-843B-44CA298930E9}.AppStore|x64.ActiveCfg = Release|Any CPU
		{1D6E722F-9B34-413F-843B-44CA298930E9}.AppStore|x64.Build.0 = Release|Any CPU
		{1D6E722F-9B34-413F-843B-44CA298930E9}.AppStore|x64.Deploy.0 = Release|Any CPU
		{1D6E722F-9B34-413F-843B-44CA298930E9}.AppStore|x86.ActiveCfg = Release|Any CPU
		{1D6E722F-9B34-413F-843B-44CA298930E9}.AppStore|x86.Build.0 = Release|Any CPU
		{1D6E722F-9B34-413F-843B-44CA298930E9}.AppStore|x86.Deploy.0 = Release|Any CPU
		{1D6E722F-9B34-413F-843B-44CA298930E9}.Debug|Any CPU.ActiveCfg = Debug|Any CPU
		{1D6E722F-9B34-413F-843B-44CA298930E9}.Debug|Any CPU.Build.0 = Debug|Any CPU
		{1D6E722F-9B34-413F-843B-44CA298930E9}.Debug|Any CPU.Deploy.0 = Debug|Any CPU
		{1D6E722F-9B34-413F-843B-44CA298930E9}.Debug|ARM.ActiveCfg = Debug|Any CPU
		{1D6E722F-9B34-413F-843B-44CA298930E9}.Debug|ARM.Build.0 = Debug|Any CPU
		{1D6E722F-9B34-413F-843B-44CA298930E9}.Debug|ARM.Deploy.0 = Debug|Any CPU
		{1D6E722F-9B34-413F-843B-44CA298930E9}.Debug|iPhone.ActiveCfg = Debug|Any CPU
		{1D6E722F-9B34-413F-843B-44CA298930E9}.Debug|iPhone.Build.0 = Debug|Any CPU
		{1D6E722F-9B34-413F-843B-44CA298930E9}.Debug|iPhone.Deploy.0 = Debug|Any CPU
		{1D6E722F-9B34-413F-843B-44CA298930E9}.Debug|iPhoneSimulator.ActiveCfg = Debug|Any CPU
		{1D6E722F-9B34-413F-843B-44CA298930E9}.Debug|iPhoneSimulator.Build.0 = Debug|Any CPU
		{1D6E722F-9B34-413F-843B-44CA298930E9}.Debug|iPhoneSimulator.Deploy.0 = Debug|Any CPU
		{1D6E722F-9B34-413F-843B-44CA298930E9}.Debug|x64.ActiveCfg = Debug|Any CPU
		{1D6E722F-9B34-413F-843B-44CA298930E9}.Debug|x64.Build.0 = Debug|Any CPU
		{1D6E722F-9B34-413F-843B-44CA298930E9}.Debug|x64.Deploy.0 = Debug|Any CPU
		{1D6E722F-9B34-413F-843B-44CA298930E9}.Debug|x86.ActiveCfg = Debug|Any CPU
		{1D6E722F-9B34-413F-843B-44CA298930E9}.Debug|x86.Build.0 = Debug|Any CPU
		{1D6E722F-9B34-413F-843B-44CA298930E9}.Debug|x86.Deploy.0 = Debug|Any CPU
		{1D6E722F-9B34-413F-843B-44CA298930E9}.Release|Any CPU.ActiveCfg = Release|Any CPU
		{1D6E722F-9B34-413F-843B-44CA298930E9}.Release|Any CPU.Build.0 = Release|Any CPU
		{1D6E722F-9B34-413F-843B-44CA298930E9}.Release|Any CPU.Deploy.0 = Release|Any CPU
		{1D6E722F-9B34-413F-843B-44CA298930E9}.Release|ARM.ActiveCfg = Release|Any CPU
		{1D6E722F-9B34-413F-843B-44CA298930E9}.Release|ARM.Build.0 = Release|Any CPU
		{1D6E722F-9B34-413F-843B-44CA298930E9}.Release|ARM.Deploy.0 = Release|Any CPU
		{1D6E722F-9B34-413F-843B-44CA298930E9}.Release|iPhone.ActiveCfg = Release|Any CPU
		{1D6E722F-9B34-413F-843B-44CA298930E9}.Release|iPhone.Build.0 = Release|Any CPU
		{1D6E722F-9B34-413F-843B-44CA298930E9}.Release|iPhone.Deploy.0 = Release|Any CPU
		{1D6E722F-9B34-413F-843B-44CA298930E9}.Release|iPhoneSimulator.ActiveCfg = Release|Any CPU
		{1D6E722F-9B34-413F-843B-44CA298930E9}.Release|iPhoneSimulator.Build.0 = Release|Any CPU
		{1D6E722F-9B34-413F-843B-44CA298930E9}.Release|iPhoneSimulator.Deploy.0 = Release|Any CPU
		{1D6E722F-9B34-413F-843B-44CA298930E9}.Release|x64.ActiveCfg = Release|Any CPU
		{1D6E722F-9B34-413F-843B-44CA298930E9}.Release|x64.Build.0 = Release|Any CPU
		{1D6E722F-9B34-413F-843B-44CA298930E9}.Release|x64.Deploy.0 = Release|Any CPU
		{1D6E722F-9B34-413F-843B-44CA298930E9}.Release|x86.ActiveCfg = Release|Any CPU
		{1D6E722F-9B34-413F-843B-44CA298930E9}.Release|x86.Build.0 = Release|Any CPU
		{1D6E722F-9B34-413F-843B-44CA298930E9}.Release|x86.Deploy.0 = Release|Any CPU
		{195DD212-B5C7-499B-87EC-363047EB5885}.Ad-Hoc|Any CPU.ActiveCfg = Ad-Hoc|iPhone
		{195DD212-B5C7-499B-87EC-363047EB5885}.Ad-Hoc|ARM.ActiveCfg = Ad-Hoc|iPhone
		{195DD212-B5C7-499B-87EC-363047EB5885}.Ad-Hoc|iPhone.ActiveCfg = Ad-Hoc|iPhone
		{195DD212-B5C7-499B-87EC-363047EB5885}.Ad-Hoc|iPhone.Build.0 = Ad-Hoc|iPhone
		{195DD212-B5C7-499B-87EC-363047EB5885}.Ad-Hoc|iPhoneSimulator.ActiveCfg = Ad-Hoc|iPhoneSimulator
		{195DD212-B5C7-499B-87EC-363047EB5885}.Ad-Hoc|iPhoneSimulator.Build.0 = Ad-Hoc|iPhoneSimulator
		{195DD212-B5C7-499B-87EC-363047EB5885}.Ad-Hoc|x64.ActiveCfg = Ad-Hoc|iPhone
		{195DD212-B5C7-499B-87EC-363047EB5885}.Ad-Hoc|x86.ActiveCfg = Ad-Hoc|iPhone
		{195DD212-B5C7-499B-87EC-363047EB5885}.AppStore|Any CPU.ActiveCfg = AppStore|iPhone
		{195DD212-B5C7-499B-87EC-363047EB5885}.AppStore|ARM.ActiveCfg = AppStore|iPhone
		{195DD212-B5C7-499B-87EC-363047EB5885}.AppStore|iPhone.ActiveCfg = AppStore|iPhone
		{195DD212-B5C7-499B-87EC-363047EB5885}.AppStore|iPhone.Build.0 = AppStore|iPhone
		{195DD212-B5C7-499B-87EC-363047EB5885}.AppStore|iPhoneSimulator.ActiveCfg = AppStore|iPhoneSimulator
		{195DD212-B5C7-499B-87EC-363047EB5885}.AppStore|iPhoneSimulator.Build.0 = AppStore|iPhoneSimulator
		{195DD212-B5C7-499B-87EC-363047EB5885}.AppStore|x64.ActiveCfg = AppStore|iPhone
		{195DD212-B5C7-499B-87EC-363047EB5885}.AppStore|x86.ActiveCfg = AppStore|iPhone
		{195DD212-B5C7-499B-87EC-363047EB5885}.Debug|Any CPU.ActiveCfg = Debug|iPhone
		{195DD212-B5C7-499B-87EC-363047EB5885}.Debug|ARM.ActiveCfg = Debug|iPhone
		{195DD212-B5C7-499B-87EC-363047EB5885}.Debug|iPhone.ActiveCfg = Debug|iPhone
		{195DD212-B5C7-499B-87EC-363047EB5885}.Debug|iPhone.Build.0 = Debug|iPhone
		{195DD212-B5C7-499B-87EC-363047EB5885}.Debug|iPhoneSimulator.ActiveCfg = Debug|iPhoneSimulator
		{195DD212-B5C7-499B-87EC-363047EB5885}.Debug|iPhoneSimulator.Build.0 = Debug|iPhoneSimulator
		{195DD212-B5C7-499B-87EC-363047EB5885}.Debug|x64.ActiveCfg = Debug|iPhone
		{195DD212-B5C7-499B-87EC-363047EB5885}.Debug|x86.ActiveCfg = Debug|iPhone
		{195DD212-B5C7-499B-87EC-363047EB5885}.Release|Any CPU.ActiveCfg = Release|iPhone
		{195DD212-B5C7-499B-87EC-363047EB5885}.Release|ARM.ActiveCfg = Release|iPhone
		{195DD212-B5C7-499B-87EC-363047EB5885}.Release|iPhone.ActiveCfg = Release|iPhone
		{195DD212-B5C7-499B-87EC-363047EB5885}.Release|iPhone.Build.0 = Release|iPhone
		{195DD212-B5C7-499B-87EC-363047EB5885}.Release|iPhoneSimulator.ActiveCfg = Release|iPhoneSimulator
		{195DD212-B5C7-499B-87EC-363047EB5885}.Release|iPhoneSimulator.Build.0 = Release|iPhoneSimulator
		{195DD212-B5C7-499B-87EC-363047EB5885}.Release|x64.ActiveCfg = Release|iPhone
		{195DD212-B5C7-499B-87EC-363047EB5885}.Release|x86.ActiveCfg = Release|iPhone
		{49CC7709-F259-4CB9-A5B7-CECA164B11C9}.Ad-Hoc|Any CPU.ActiveCfg = Debug|Any CPU
		{49CC7709-F259-4CB9-A5B7-CECA164B11C9}.Ad-Hoc|Any CPU.Build.0 = Debug|Any CPU
		{49CC7709-F259-4CB9-A5B7-CECA164B11C9}.Ad-Hoc|ARM.ActiveCfg = Debug|Any CPU
		{49CC7709-F259-4CB9-A5B7-CECA164B11C9}.Ad-Hoc|ARM.Build.0 = Debug|Any CPU
		{49CC7709-F259-4CB9-A5B7-CECA164B11C9}.Ad-Hoc|iPhone.ActiveCfg = Debug|Any CPU
		{49CC7709-F259-4CB9-A5B7-CECA164B11C9}.Ad-Hoc|iPhone.Build.0 = Debug|Any CPU
		{49CC7709-F259-4CB9-A5B7-CECA164B11C9}.Ad-Hoc|iPhoneSimulator.ActiveCfg = Debug|Any CPU
		{49CC7709-F259-4CB9-A5B7-CECA164B11C9}.Ad-Hoc|iPhoneSimulator.Build.0 = Debug|Any CPU
		{49CC7709-F259-4CB9-A5B7-CECA164B11C9}.Ad-Hoc|x64.ActiveCfg = Debug|Any CPU
		{49CC7709-F259-4CB9-A5B7-CECA164B11C9}.Ad-Hoc|x64.Build.0 = Debug|Any CPU
		{49CC7709-F259-4CB9-A5B7-CECA164B11C9}.Ad-Hoc|x86.ActiveCfg = Debug|Any CPU
		{49CC7709-F259-4CB9-A5B7-CECA164B11C9}.Ad-Hoc|x86.Build.0 = Debug|Any CPU
		{49CC7709-F259-4CB9-A5B7-CECA164B11C9}.AppStore|Any CPU.ActiveCfg = Debug|Any CPU
		{49CC7709-F259-4CB9-A5B7-CECA164B11C9}.AppStore|Any CPU.Build.0 = Debug|Any CPU
		{49CC7709-F259-4CB9-A5B7-CECA164B11C9}.AppStore|ARM.ActiveCfg = Debug|Any CPU
		{49CC7709-F259-4CB9-A5B7-CECA164B11C9}.AppStore|ARM.Build.0 = Debug|Any CPU
		{49CC7709-F259-4CB9-A5B7-CECA164B11C9}.AppStore|iPhone.ActiveCfg = Debug|Any CPU
		{49CC7709-F259-4CB9-A5B7-CECA164B11C9}.AppStore|iPhone.Build.0 = Debug|Any CPU
		{49CC7709-F259-4CB9-A5B7-CECA164B11C9}.AppStore|iPhoneSimulator.ActiveCfg = Debug|Any CPU
		{49CC7709-F259-4CB9-A5B7-CECA164B11C9}.AppStore|iPhoneSimulator.Build.0 = Debug|Any CPU
		{49CC7709-F259-4CB9-A5B7-CECA164B11C9}.AppStore|x64.ActiveCfg = Debug|Any CPU
		{49CC7709-F259-4CB9-A5B7-CECA164B11C9}.AppStore|x64.Build.0 = Debug|Any CPU
		{49CC7709-F259-4CB9-A5B7-CECA164B11C9}.AppStore|x86.ActiveCfg = Debug|Any CPU
		{49CC7709-F259-4CB9-A5B7-CECA164B11C9}.AppStore|x86.Build.0 = Debug|Any CPU
		{49CC7709-F259-4CB9-A5B7-CECA164B11C9}.Debug|Any CPU.ActiveCfg = Debug|Any CPU
		{49CC7709-F259-4CB9-A5B7-CECA164B11C9}.Debug|Any CPU.Build.0 = Debug|Any CPU
		{49CC7709-F259-4CB9-A5B7-CECA164B11C9}.Debug|ARM.ActiveCfg = Debug|Any CPU
		{49CC7709-F259-4CB9-A5B7-CECA164B11C9}.Debug|ARM.Build.0 = Debug|Any CPU
		{49CC7709-F259-4CB9-A5B7-CECA164B11C9}.Debug|iPhone.ActiveCfg = Debug|Any CPU
		{49CC7709-F259-4CB9-A5B7-CECA164B11C9}.Debug|iPhone.Build.0 = Debug|Any CPU
		{49CC7709-F259-4CB9-A5B7-CECA164B11C9}.Debug|iPhoneSimulator.ActiveCfg = Debug|Any CPU
		{49CC7709-F259-4CB9-A5B7-CECA164B11C9}.Debug|iPhoneSimulator.Build.0 = Debug|Any CPU
		{49CC7709-F259-4CB9-A5B7-CECA164B11C9}.Debug|x64.ActiveCfg = Debug|Any CPU
		{49CC7709-F259-4CB9-A5B7-CECA164B11C9}.Debug|x64.Build.0 = Debug|Any CPU
		{49CC7709-F259-4CB9-A5B7-CECA164B11C9}.Debug|x86.ActiveCfg = Debug|Any CPU
		{49CC7709-F259-4CB9-A5B7-CECA164B11C9}.Debug|x86.Build.0 = Debug|Any CPU
		{49CC7709-F259-4CB9-A5B7-CECA164B11C9}.Release|Any CPU.ActiveCfg = Release|Any CPU
		{49CC7709-F259-4CB9-A5B7-CECA164B11C9}.Release|Any CPU.Build.0 = Release|Any CPU
		{49CC7709-F259-4CB9-A5B7-CECA164B11C9}.Release|ARM.ActiveCfg = Release|Any CPU
		{49CC7709-F259-4CB9-A5B7-CECA164B11C9}.Release|ARM.Build.0 = Release|Any CPU
		{49CC7709-F259-4CB9-A5B7-CECA164B11C9}.Release|iPhone.ActiveCfg = Release|Any CPU
		{49CC7709-F259-4CB9-A5B7-CECA164B11C9}.Release|iPhone.Build.0 = Release|Any CPU
		{49CC7709-F259-4CB9-A5B7-CECA164B11C9}.Release|iPhoneSimulator.ActiveCfg = Release|Any CPU
		{49CC7709-F259-4CB9-A5B7-CECA164B11C9}.Release|iPhoneSimulator.Build.0 = Release|Any CPU
		{49CC7709-F259-4CB9-A5B7-CECA164B11C9}.Release|x64.ActiveCfg = Release|Any CPU
		{49CC7709-F259-4CB9-A5B7-CECA164B11C9}.Release|x64.Build.0 = Release|Any CPU
		{49CC7709-F259-4CB9-A5B7-CECA164B11C9}.Release|x86.ActiveCfg = Release|Any CPU
		{49CC7709-F259-4CB9-A5B7-CECA164B11C9}.Release|x86.Build.0 = Release|Any CPU
		{817483F6-39BA-4AEC-AB37-6C36AD7E3787}.Ad-Hoc|Any CPU.ActiveCfg = Debug|Any CPU
		{817483F6-39BA-4AEC-AB37-6C36AD7E3787}.Ad-Hoc|Any CPU.Build.0 = Debug|Any CPU
		{817483F6-39BA-4AEC-AB37-6C36AD7E3787}.Ad-Hoc|ARM.ActiveCfg = Debug|Any CPU
		{817483F6-39BA-4AEC-AB37-6C36AD7E3787}.Ad-Hoc|ARM.Build.0 = Debug|Any CPU
		{817483F6-39BA-4AEC-AB37-6C36AD7E3787}.Ad-Hoc|iPhone.ActiveCfg = Debug|Any CPU
		{817483F6-39BA-4AEC-AB37-6C36AD7E3787}.Ad-Hoc|iPhone.Build.0 = Debug|Any CPU
		{817483F6-39BA-4AEC-AB37-6C36AD7E3787}.Ad-Hoc|iPhoneSimulator.ActiveCfg = Debug|Any CPU
		{817483F6-39BA-4AEC-AB37-6C36AD7E3787}.Ad-Hoc|iPhoneSimulator.Build.0 = Debug|Any CPU
		{817483F6-39BA-4AEC-AB37-6C36AD7E3787}.Ad-Hoc|x64.ActiveCfg = Debug|Any CPU
		{817483F6-39BA-4AEC-AB37-6C36AD7E3787}.Ad-Hoc|x64.Build.0 = Debug|Any CPU
		{817483F6-39BA-4AEC-AB37-6C36AD7E3787}.Ad-Hoc|x86.ActiveCfg = Debug|Any CPU
		{817483F6-39BA-4AEC-AB37-6C36AD7E3787}.Ad-Hoc|x86.Build.0 = Debug|Any CPU
		{817483F6-39BA-4AEC-AB37-6C36AD7E3787}.AppStore|Any CPU.ActiveCfg = Debug|Any CPU
		{817483F6-39BA-4AEC-AB37-6C36AD7E3787}.AppStore|Any CPU.Build.0 = Debug|Any CPU
		{817483F6-39BA-4AEC-AB37-6C36AD7E3787}.AppStore|ARM.ActiveCfg = Debug|Any CPU
		{817483F6-39BA-4AEC-AB37-6C36AD7E3787}.AppStore|ARM.Build.0 = Debug|Any CPU
		{817483F6-39BA-4AEC-AB37-6C36AD7E3787}.AppStore|iPhone.ActiveCfg = Debug|Any CPU
		{817483F6-39BA-4AEC-AB37-6C36AD7E3787}.AppStore|iPhone.Build.0 = Debug|Any CPU
		{817483F6-39BA-4AEC-AB37-6C36AD7E3787}.AppStore|iPhoneSimulator.ActiveCfg = Debug|Any CPU
		{817483F6-39BA-4AEC-AB37-6C36AD7E3787}.AppStore|iPhoneSimulator.Build.0 = Debug|Any CPU
		{817483F6-39BA-4AEC-AB37-6C36AD7E3787}.AppStore|x64.ActiveCfg = Debug|Any CPU
		{817483F6-39BA-4AEC-AB37-6C36AD7E3787}.AppStore|x64.Build.0 = Debug|Any CPU
		{817483F6-39BA-4AEC-AB37-6C36AD7E3787}.AppStore|x86.ActiveCfg = Debug|Any CPU
		{817483F6-39BA-4AEC-AB37-6C36AD7E3787}.AppStore|x86.Build.0 = Debug|Any CPU
		{817483F6-39BA-4AEC-AB37-6C36AD7E3787}.Debug|Any CPU.ActiveCfg = Debug|Any CPU
		{817483F6-39BA-4AEC-AB37-6C36AD7E3787}.Debug|Any CPU.Build.0 = Debug|Any CPU
		{817483F6-39BA-4AEC-AB37-6C36AD7E3787}.Debug|ARM.ActiveCfg = Debug|Any CPU
		{817483F6-39BA-4AEC-AB37-6C36AD7E3787}.Debug|ARM.Build.0 = Debug|Any CPU
		{817483F6-39BA-4AEC-AB37-6C36AD7E3787}.Debug|iPhone.ActiveCfg = Debug|Any CPU
		{817483F6-39BA-4AEC-AB37-6C36AD7E3787}.Debug|iPhone.Build.0 = Debug|Any CPU
		{817483F6-39BA-4AEC-AB37-6C36AD7E3787}.Debug|iPhoneSimulator.ActiveCfg = Debug|Any CPU
		{817483F6-39BA-4AEC-AB37-6C36AD7E3787}.Debug|iPhoneSimulator.Build.0 = Debug|Any CPU
		{817483F6-39BA-4AEC-AB37-6C36AD7E3787}.Debug|x64.ActiveCfg = Debug|Any CPU
		{817483F6-39BA-4AEC-AB37-6C36AD7E3787}.Debug|x64.Build.0 = Debug|Any CPU
		{817483F6-39BA-4AEC-AB37-6C36AD7E3787}.Debug|x86.ActiveCfg = Debug|Any CPU
		{817483F6-39BA-4AEC-AB37-6C36AD7E3787}.Debug|x86.Build.0 = Debug|Any CPU
		{817483F6-39BA-4AEC-AB37-6C36AD7E3787}.Release|Any CPU.ActiveCfg = Release|Any CPU
		{817483F6-39BA-4AEC-AB37-6C36AD7E3787}.Release|Any CPU.Build.0 = Release|Any CPU
		{817483F6-39BA-4AEC-AB37-6C36AD7E3787}.Release|ARM.ActiveCfg = Release|Any CPU
		{817483F6-39BA-4AEC-AB37-6C36AD7E3787}.Release|ARM.Build.0 = Release|Any CPU
		{817483F6-39BA-4AEC-AB37-6C36AD7E3787}.Release|iPhone.ActiveCfg = Release|Any CPU
		{817483F6-39BA-4AEC-AB37-6C36AD7E3787}.Release|iPhone.Build.0 = Release|Any CPU
		{817483F6-39BA-4AEC-AB37-6C36AD7E3787}.Release|iPhoneSimulator.ActiveCfg = Release|Any CPU
		{817483F6-39BA-4AEC-AB37-6C36AD7E3787}.Release|iPhoneSimulator.Build.0 = Release|Any CPU
		{817483F6-39BA-4AEC-AB37-6C36AD7E3787}.Release|x64.ActiveCfg = Release|Any CPU
		{817483F6-39BA-4AEC-AB37-6C36AD7E3787}.Release|x64.Build.0 = Release|Any CPU
		{817483F6-39BA-4AEC-AB37-6C36AD7E3787}.Release|x86.ActiveCfg = Release|Any CPU
		{817483F6-39BA-4AEC-AB37-6C36AD7E3787}.Release|x86.Build.0 = Release|Any CPU
	EndGlobalSection
	GlobalSection(SolutionProperties) = preSolution
		HideSolutionNode = FALSE
	EndGlobalSection
	GlobalSection(NestedProjects) = preSolution
		{DDE6AB89-1985-4BE5-A295-A7C9AB2F9A00} = {4B2D258B-6491-48CB-AE9C-A218639C2B5B}
		{EFE9A831-798F-47C0-A661-0FD6425ADBFF} = {4B2D258B-6491-48CB-AE9C-A218639C2B5B}
		{FBC1E560-7738-48B0-89F5-CD85C63BF443} = {58CBE5FA-8549-4A4B-BC3A-3233FF41A6CC}
		{D7DD55D6-5B71-41FA-BF7F-4FE1E540DB10} = {58CBE5FA-8549-4A4B-BC3A-3233FF41A6CC}
		{9AC3D14C-9417-4F99-B806-C9CA917223EF} = {FBC1E560-7738-48B0-89F5-CD85C63BF443}
		{8F5C41E3-7050-4B98-96F2-26F9EB5C8AE2} = {D7DD55D6-5B71-41FA-BF7F-4FE1E540DB10}
		{1D6E722F-9B34-413F-843B-44CA298930E9} = {334BDD14-AC03-47E3-8F15-27278A462E48}
		{195DD212-B5C7-499B-87EC-363047EB5885} = {334BDD14-AC03-47E3-8F15-27278A462E48}
		{49CC7709-F259-4CB9-A5B7-CECA164B11C9} = {334BDD14-AC03-47E3-8F15-27278A462E48}
		{817483F6-39BA-4AEC-AB37-6C36AD7E3787} = {FBC1E560-7738-48B0-89F5-CD85C63BF443}
	EndGlobalSection
	GlobalSection(ExtensibilityGlobals) = postSolution
		SolutionGuid = {86CB1218-B71C-4794-880B-21625007BEBD}
	EndGlobalSection
EndGlobal
